PODS:
  - CocoaLumberjack (3.6.1):
    - CocoaLumberjack/Core (= 3.6.1)
  - CocoaLumberjack/Core (3.6.1)
  - FBRetainCycleDetector (0.1.4)
  - FBSnapshotTestCase (2.1.4):
    - FBSnapshotTestCase/SwiftSupport (= 2.1.4)
  - FBSnapshotTestCase/Core (2.1.4)
  - FBSnapshotTestCase/SwiftSupport (2.1.4):
    - FBSnapshotTestCase/Core
  - Masonry (1.1.0)
  - MBProgressHUD (1.2.0)
  - MCFoundation (0.2.2)
  - MCJSONKit (0.5.2):
    - MCFoundation (~> 0.2)
  - MCLogger (0.6.1):
    - CocoaLumberjack (~> 3.0)
    - MJExtension (~> 3.0)
    - SAMKeychain (~> 1.5)
    - SocketRocket (~> 0.5)
  - MCObserverKit (0.2.0):
    - MCFoundation (~> 0.2)
  - MCUIKit (0.3.1)
  - MJExtension (3.2.1)
  - MJRefresh (3.3.1)
  - MLeaksFinder (1.0.0):
    - FBRetainCycleDetector
  - NLLogger (0.1.0):
    - MCLogger (~> 0.5)
    - MLeaksFinder
    - NLProtocols
  - NLModelService (0.1.0):
    - MCJSONKit (~> 0.5)
    - NLUtility
  - NLModuleService (0.1.0):
    - NLLogger
    - NLProtocols
  - NLProtocols (0.1.0)
  - NLRouterAction (0.1.0):
    - MCJSONKit
    - NLModelService
    - NLModuleService
    - NLUIComponent
    - Peregrine (~> 0.6.2)
  - NLUIComponent (0.1.0):
    - Masonry (~> 1.0)
    - MBProgressHUD
    - MCUIKit (~> 0.3)
    - MJRefresh
    - NLLogger
    - SDWebImage
    - SnapKit (~> 4.2)
    - Toast
  - NLUIKit (0.1.0):
    - Masonry
    - NLLogger
    - NLRouterAction
  - NLUtility (0.1.0):
    - MCObserverKit
    - NLLogger
  - Peregrine (0.6.8)
  - SAMKeychain (1.5.3)
  - SDWebImage (5.5.2):
    - SDWebImage/Core (= 5.5.2)
  - SDWebImage/Core (5.5.2)
  - SnapKit (4.2.0)
  - SocketRocket (0.5.1)
  - Toast (4.0.0)

DEPENDENCIES:
  - FBSnapshotTestCase
  - NLLogger (from `../../NLLogger`)
  - NLModelService (from `../../NLModelService`)
  - NLModuleService (from `../../NLModuleService`)
  - NLProtocols (from `../../NLProtocols`)
  - NLRouterAction (from `../../NLRouterAction`)
  - NLUIComponent (from `../../NLUIComponent`)
  - NLUIKit (from `../`)
  - NLUtility (from `../../NLUtility`)

SPEC REPOS:
  trunk:
    - CocoaLumberjack
    - FBRetainCycleDetector
    - FBSnapshotTestCase
    - Masonry
    - MBProgressHUD
    - MCFoundation
    - MCJSONKit
    - MCLogger
    - MCObserverKit
    - MCUIKit
    - MJExtension
    - MJRefresh
    - MLeaksFinder
    - Peregrine
    - SAMKeychain
    - SDWebImage
    - SnapKit
    - SocketRocket
    - Toast

EXTERNAL SOURCES:
  NLLogger:
    :path: "../../NLLogger"
  NLModelService:
    :path: "../../NLModelService"
  NLModuleService:
    :path: "../../NLModuleService"
  NLProtocols:
    :path: "../../NLProtocols"
  NLRouterAction:
    :path: "../../NLRouterAction"
  NLUIComponent:
    :path: "../../NLUIComponent"
  NLUIKit:
    :path: "../"
  NLUtility:
    :path: "../../NLUtility"

SPEC CHECKSUMS:
  CocoaLumberjack: b17ae15142558d08bbacf69775fa10c4abbebcc9
  FBRetainCycleDetector: 46f8179bbb1c587deee3ea838a1a3ee02acf5015
  FBSnapshotTestCase: 094f9f314decbabe373b87cc339bea235a63e07a
  Masonry: 678fab65091a9290e40e2832a55e7ab731aad201
  MBProgressHUD: 3ee5efcc380f6a79a7cc9b363dd669c5e1ae7406
  MCFoundation: 1c05141cbc900ec15618d7d4c75fb88719d7b658
  MCJSONKit: 64251bf517b756436c185735b6f4edfdede9ec8e
  MCLogger: baac17a212e7026585e2f1528d6de3fe548474c0
  MCObserverKit: e85df8596f0619a751dfc510e312f800b6ba1f70
  MCUIKit: cdf31d6c54a0c3e8a371885a55212efff72b14fa
  MJExtension: 635f2c663dcb1bf76fa4b715b2570a5710aec545
  MJRefresh: eeda70fbf0ad277f3178cef1cd0c3532591d6237
  MLeaksFinder: 8c435bd2f6d070af18cff082b503b21adc130fc0
  NLLogger: 0147d78e5530e8868a6379e3854a548695ff26ad
  NLModelService: 8e5ead1f3b62ac79a764c3390b3ccdf7c122bbfe
  NLModuleService: 02d39c759d5c353504ed6db09408c4bdeea02bac
  NLProtocols: 3c98d3358586cd7eeb7ce740cd3d21fa85872c87
  NLRouterAction: 0e45539d9bca9056974f02fbce4c1336c97fadd6
  NLUIComponent: 4ec6dbb9adc24d82321874d1d80ac8cff6f0cf73
  NLUIKit: 8955801a5ed4eceaa9bafbc986978c7bbee83a06
  NLUtility: a3a7c0d87c892aa4b6ff0b38e24d0c1d1ee35fa1
  Peregrine: 757c64fe37e3dd604e8e2164d9fcdd3171627b27
  SAMKeychain: 483e1c9f32984d50ca961e26818a534283b4cd5c
  SDWebImage: 4d5c027c935438f341ed33dbac53ff9f479922ca
  SnapKit: fe8a619752f3f27075cc9a90244d75c6c3f27e2a
  SocketRocket: d57c7159b83c3c6655745cd15302aa24b6bae531
  Toast: 91b396c56ee72a5790816f40d3a94dd357abc196

PODFILE CHECKSUM: 2d6e5589d6d93de3144162d5bd4f98202db89869

COCOAPODS: 1.8.4
