PODS:
  - Nimble (8.0.9)
  - PureSwiftLib (0.1.0)
  - Quick (2.2.1)

DEPENDENCIES:
  - Nimble (~> 8.0.7)
  - PureSwiftLib (from `../`)
  - Quick (~> 2.2.0)

SPEC REPOS:
  trunk:
    - Nimble
    - Quick

EXTERNAL SOURCES:
  PureSwiftLib:
    :path: "../"

SPEC CHECKSUMS:
  Nimble: 98b888285a615fd34f20e61753cf58ea1402bde4
  PureSwiftLib: 4d120418ebde6dac9e9c35ac43ee9a2aab57aed2
  Quick: f5754d69b7013f5864c29aab9ae6f0c79c5bc200

PODFILE CHECKSUM: 575d11bd0c9ee637c2c128a6c99beac2a562ed93

COCOAPODS: 1.10.1
