// !$*UTF8*$!
{
	archiveVersion = 1;
	classes = {
	};
	objectVersion = 48;
	objects = {

/* Begin PBXBuildFile section */
		1BFE7F40ADB2C17E161A5252 /* libPods-iOSGuide.a in Frameworks */ = {isa = PBXBuildFile; fileRef = 75066658D3EF804CB65E01E5 /* libPods-iOSGuide.a */; };
		244848D4223CA92100A37FC7 /* UKPageViewController.xib in Resources */ = {isa = PBXBuildFile; fileRef = 244848D3223CA92100A37FC7 /* UKPageViewController.xib */; };
		244848E2223CAECC00A37FC7 /* Storyboard.storyboard in Resources */ = {isa = PBXBuildFile; fileRef = 244848E1223CAECC00A37FC7 /* Storyboard.storyboard */; };
		2461DF37222D677800D4382F /* UKPageViewController.m in Sources */ = {isa = PBXBuildFile; fileRef = 2461DF35222D677800D4382F /* UKPageViewController.m */; };
		249DD25221E1EF92009B8781 /* PGDemoView.m in Sources */ = {isa = PBXBuildFile; fileRef = 249DD25121E1EF92009B8781 /* PGDemoView.m */; };
		249DD25521E1F408009B8781 /* PGUIViewController.m in Sources */ = {isa = PBXBuildFile; fileRef = 249DD25421E1F408009B8781 /* PGUIViewController.m */; };
		24DD1F39228B0C49001713EC /* AutoLayout.storyboard in Resources */ = {isa = PBXBuildFile; fileRef = 24DD1F38228B0C49001713EC /* AutoLayout.storyboard */; };
		C532E40E1F889834009E38CA /* AppDelegate.m in Sources */ = {isa = PBXBuildFile; fileRef = C532E40D1F889834009E38CA /* AppDelegate.m */; };
		C532E4111F889834009E38CA /* ViewController.m in Sources */ = {isa = PBXBuildFile; fileRef = C532E4101F889834009E38CA /* ViewController.m */; };
		C532E4141F889834009E38CA /* Main.storyboard in Resources */ = {isa = PBXBuildFile; fileRef = C532E4121F889834009E38CA /* Main.storyboard */; };
		C532E4161F889834009E38CA /* Assets.xcassets in Resources */ = {isa = PBXBuildFile; fileRef = C532E4151F889834009E38CA /* Assets.xcassets */; };
		C532E4191F889834009E38CA /* LaunchScreen.storyboard in Resources */ = {isa = PBXBuildFile; fileRef = C532E4171F889834009E38CA /* LaunchScreen.storyboard */; };
		C532E41C1F889834009E38CA /* main.m in Sources */ = {isa = PBXBuildFile; fileRef = C532E41B1F889834009E38CA /* main.m */; };
		C5ECF4E01F8A0BE800CECF8B /* AddressBook.framework in Frameworks */ = {isa = PBXBuildFile; fileRef = C5ECF4DF1F8A0BE800CECF8B /* AddressBook.framework */; };
		C5FB165D1F8B998400350055 /* UKWebViewController.m in Sources */ = {isa = PBXBuildFile; fileRef = C5FB165C1F8B998400350055 /* UKWebViewController.m */; };
		C5FB165F1F8B9AAB00350055 /* webview.html in Resources */ = {isa = PBXBuildFile; fileRef = C5FB165E1F8B9AAB00350055 /* webview.html */; };
		CE9ABD36228BE48400115D2C /* GDRouterTableViewCell.m in Sources */ = {isa = PBXBuildFile; fileRef = CE9ABD35228BE48400115D2C /* GDRouterTableViewCell.m */; };
		CE9ABD39228BEC9B00115D2C /* PGAutoLayout.m in Sources */ = {isa = PBXBuildFile; fileRef = CE9ABD38228BEC9B00115D2C /* PGAutoLayout.m */; };
		CEA02DB0223B913000157527 /* UKUITextFieldViewController.m in Sources */ = {isa = PBXBuildFile; fileRef = CEA02DAF223B913000157527 /* UKUITextFieldViewController.m */; };
		CEA02DB2223B915E00157527 /* UKUITextFieldViewController.xib in Resources */ = {isa = PBXBuildFile; fileRef = CEA02DB1223B915E00157527 /* UKUITextFieldViewController.xib */; };
/* End PBXBuildFile section */

/* Begin PBXFileReference section */
		244848D3223CA92100A37FC7 /* UKPageViewController.xib */ = {isa = PBXFileReference; lastKnownFileType = file.xib; path = UKPageViewController.xib; sourceTree = "<group>"; };
		244848E1223CAECC00A37FC7 /* Storyboard.storyboard */ = {isa = PBXFileReference; lastKnownFileType = file.storyboard; path = Storyboard.storyboard; sourceTree = "<group>"; };
		2461DF34222D677800D4382F /* UKPageViewController.h */ = {isa = PBXFileReference; lastKnownFileType = sourcecode.c.h; path = UKPageViewController.h; sourceTree = "<group>"; };
		2461DF35222D677800D4382F /* UKPageViewController.m */ = {isa = PBXFileReference; lastKnownFileType = sourcecode.c.objc; path = UKPageViewController.m; sourceTree = "<group>"; };
		249DD25021E1EF92009B8781 /* PGDemoView.h */ = {isa = PBXFileReference; lastKnownFileType = sourcecode.c.h; path = PGDemoView.h; sourceTree = "<group>"; };
		249DD25121E1EF92009B8781 /* PGDemoView.m */ = {isa = PBXFileReference; lastKnownFileType = sourcecode.c.objc; path = PGDemoView.m; sourceTree = "<group>"; };
		249DD25321E1F408009B8781 /* PGUIViewController.h */ = {isa = PBXFileReference; lastKnownFileType = sourcecode.c.h; path = PGUIViewController.h; sourceTree = "<group>"; };
		249DD25421E1F408009B8781 /* PGUIViewController.m */ = {isa = PBXFileReference; lastKnownFileType = sourcecode.c.objc; path = PGUIViewController.m; sourceTree = "<group>"; };
		24DD1F38228B0C49001713EC /* AutoLayout.storyboard */ = {isa = PBXFileReference; lastKnownFileType = file.storyboard; path = AutoLayout.storyboard; sourceTree = "<group>"; };
		718BD6F7C3D146C929607C43 /* Pods-iOSGuide.debug.xcconfig */ = {isa = PBXFileReference; includeInIndex = 1; lastKnownFileType = text.xcconfig; name = "Pods-iOSGuide.debug.xcconfig"; path = "Pods/Target Support Files/Pods-iOSGuide/Pods-iOSGuide.debug.xcconfig"; sourceTree = "<group>"; };
		75066658D3EF804CB65E01E5 /* libPods-iOSGuide.a */ = {isa = PBXFileReference; explicitFileType = archive.ar; includeInIndex = 0; path = "libPods-iOSGuide.a"; sourceTree = BUILT_PRODUCTS_DIR; };
		96D769841181428D3A6F9E85 /* Pods-iOSGuide.release.xcconfig */ = {isa = PBXFileReference; includeInIndex = 1; lastKnownFileType = text.xcconfig; name = "Pods-iOSGuide.release.xcconfig"; path = "Pods/Target Support Files/Pods-iOSGuide/Pods-iOSGuide.release.xcconfig"; sourceTree = "<group>"; };
		C532E4091F889834009E38CA /* iOSGuide.app */ = {isa = PBXFileReference; explicitFileType = wrapper.application; includeInIndex = 0; path = iOSGuide.app; sourceTree = BUILT_PRODUCTS_DIR; };
		C532E40C1F889834009E38CA /* AppDelegate.h */ = {isa = PBXFileReference; lastKnownFileType = sourcecode.c.h; path = AppDelegate.h; sourceTree = "<group>"; };
		C532E40D1F889834009E38CA /* AppDelegate.m */ = {isa = PBXFileReference; lastKnownFileType = sourcecode.c.objc; path = AppDelegate.m; sourceTree = "<group>"; };
		C532E40F1F889834009E38CA /* ViewController.h */ = {isa = PBXFileReference; lastKnownFileType = sourcecode.c.h; path = ViewController.h; sourceTree = "<group>"; };
		C532E4101F889834009E38CA /* ViewController.m */ = {isa = PBXFileReference; lastKnownFileType = sourcecode.c.objc; path = ViewController.m; sourceTree = "<group>"; };
		C532E4131F889834009E38CA /* Base */ = {isa = PBXFileReference; lastKnownFileType = file.storyboard; name = Base; path = Base.lproj/Main.storyboard; sourceTree = "<group>"; };
		C532E4151F889834009E38CA /* Assets.xcassets */ = {isa = PBXFileReference; lastKnownFileType = folder.assetcatalog; path = Assets.xcassets; sourceTree = "<group>"; };
		C532E4181F889834009E38CA /* Base */ = {isa = PBXFileReference; lastKnownFileType = file.storyboard; name = Base; path = Base.lproj/LaunchScreen.storyboard; sourceTree = "<group>"; };
		C532E41A1F889834009E38CA /* Info.plist */ = {isa = PBXFileReference; lastKnownFileType = text.plist.xml; path = Info.plist; sourceTree = "<group>"; };
		C532E41B1F889834009E38CA /* main.m */ = {isa = PBXFileReference; lastKnownFileType = sourcecode.c.objc; path = main.m; sourceTree = "<group>"; };
		C5ECF4DD1F89D84500CECF8B /* Header.h */ = {isa = PBXFileReference; fileEncoding = 4; lastKnownFileType = sourcecode.c.h; path = Header.h; sourceTree = "<group>"; };
		C5ECF4DF1F8A0BE800CECF8B /* AddressBook.framework */ = {isa = PBXFileReference; lastKnownFileType = wrapper.framework; name = AddressBook.framework; path = System/Library/Frameworks/AddressBook.framework; sourceTree = SDKROOT; };
		C5FB165B1F8B998400350055 /* UKWebViewController.h */ = {isa = PBXFileReference; lastKnownFileType = sourcecode.c.h; path = UKWebViewController.h; sourceTree = "<group>"; };
		C5FB165C1F8B998400350055 /* UKWebViewController.m */ = {isa = PBXFileReference; lastKnownFileType = sourcecode.c.objc; path = UKWebViewController.m; sourceTree = "<group>"; };
		C5FB165E1F8B9AAB00350055 /* webview.html */ = {isa = PBXFileReference; lastKnownFileType = text.html; path = webview.html; sourceTree = "<group>"; };
		CE9ABD34228BE48400115D2C /* GDRouterTableViewCell.h */ = {isa = PBXFileReference; lastKnownFileType = sourcecode.c.h; path = GDRouterTableViewCell.h; sourceTree = "<group>"; };
		CE9ABD35228BE48400115D2C /* GDRouterTableViewCell.m */ = {isa = PBXFileReference; lastKnownFileType = sourcecode.c.objc; path = GDRouterTableViewCell.m; sourceTree = "<group>"; };
		CE9ABD37228BEC9B00115D2C /* PGAutoLayout.h */ = {isa = PBXFileReference; lastKnownFileType = sourcecode.c.h; path = PGAutoLayout.h; sourceTree = "<group>"; };
		CE9ABD38228BEC9B00115D2C /* PGAutoLayout.m */ = {isa = PBXFileReference; lastKnownFileType = sourcecode.c.objc; path = PGAutoLayout.m; sourceTree = "<group>"; };
		CEA02DAE223B913000157527 /* UKUITextFieldViewController.h */ = {isa = PBXFileReference; lastKnownFileType = sourcecode.c.h; path = UKUITextFieldViewController.h; sourceTree = "<group>"; };
		CEA02DAF223B913000157527 /* UKUITextFieldViewController.m */ = {isa = PBXFileReference; lastKnownFileType = sourcecode.c.objc; path = UKUITextFieldViewController.m; sourceTree = "<group>"; };
		CEA02DB1223B915E00157527 /* UKUITextFieldViewController.xib */ = {isa = PBXFileReference; lastKnownFileType = file.xib; path = UKUITextFieldViewController.xib; sourceTree = "<group>"; };
/* End PBXFileReference section */

/* Begin PBXFrameworksBuildPhase section */
		C532E4061F889834009E38CA /* Frameworks */ = {
			isa = PBXFrameworksBuildPhase;
			buildActionMask = 2147483647;
			files = (
				C5ECF4E01F8A0BE800CECF8B /* AddressBook.framework in Frameworks */,
				1BFE7F40ADB2C17E161A5252 /* libPods-iOSGuide.a in Frameworks */,
			);
			runOnlyForDeploymentPostprocessing = 0;
		};
/* End PBXFrameworksBuildPhase section */

/* Begin PBXGroup section */
		2461DF2E222D659E00D4382F /* UIPageViewController */ = {
			isa = PBXGroup;
			children = (
				2461DF34222D677800D4382F /* UKPageViewController.h */,
				2461DF35222D677800D4382F /* UKPageViewController.m */,
				244848D3223CA92100A37FC7 /* UKPageViewController.xib */,
			);
			path = UIPageViewController;
			sourceTree = "<group>";
		};
		249DD24E21E1EF1F009B8781 /* UI */ = {
			isa = PBXGroup;
			children = (
				C5FB165A1F8B997B00350055 /* WKWebView */,
				CEA02DAD223B90D400157527 /* UIControl */,
				2461DF2E222D659E00D4382F /* UIPageViewController */,
				249DD24F21E1EF2D009B8781 /* UIView */,
				244848E1223CAECC00A37FC7 /* Storyboard.storyboard */,
				24DD1F38228B0C49001713EC /* AutoLayout.storyboard */,
			);
			path = UI;
			sourceTree = "<group>";
		};
		249DD24F21E1EF2D009B8781 /* UIView */ = {
			isa = PBXGroup;
			children = (
				249DD25021E1EF92009B8781 /* PGDemoView.h */,
				249DD25121E1EF92009B8781 /* PGDemoView.m */,
				249DD25321E1F408009B8781 /* PGUIViewController.h */,
				249DD25421E1F408009B8781 /* PGUIViewController.m */,
			);
			path = UIView;
			sourceTree = "<group>";
		};
		4922A8BE51A01F829B98BC50 /* Pods */ = {
			isa = PBXGroup;
			children = (
				718BD6F7C3D146C929607C43 /* Pods-iOSGuide.debug.xcconfig */,
				96D769841181428D3A6F9E85 /* Pods-iOSGuide.release.xcconfig */,
			);
			name = Pods;
			sourceTree = "<group>";
		};
		C532E4001F889834009E38CA = {
			isa = PBXGroup;
			children = (
				C532E40B1F889834009E38CA /* iOSGuide */,
				C532E40A1F889834009E38CA /* Products */,
				C5ECF4DE1F8A0BE800CECF8B /* Frameworks */,
				4922A8BE51A01F829B98BC50 /* Pods */,
			);
			sourceTree = "<group>";
		};
		C532E40A1F889834009E38CA /* Products */ = {
			isa = PBXGroup;
			children = (
				C532E4091F889834009E38CA /* iOSGuide.app */,
			);
			name = Products;
			sourceTree = "<group>";
		};
		C532E40B1F889834009E38CA /* iOSGuide */ = {
			isa = PBXGroup;
			children = (
				249DD24E21E1EF1F009B8781 /* UI */,
				CE861DF421762F19009927A8 /* Autolayout */,
				C532E40C1F889834009E38CA /* AppDelegate.h */,
				C532E40D1F889834009E38CA /* AppDelegate.m */,
				C532E40F1F889834009E38CA /* ViewController.h */,
				C532E4101F889834009E38CA /* ViewController.m */,
				CE9ABD34228BE48400115D2C /* GDRouterTableViewCell.h */,
				CE9ABD35228BE48400115D2C /* GDRouterTableViewCell.m */,
				C532E4121F889834009E38CA /* Main.storyboard */,
				C532E4151F889834009E38CA /* Assets.xcassets */,
				C532E4171F889834009E38CA /* LaunchScreen.storyboard */,
				C5ECF4DC1F89D82800CECF8B /* Support File */,
			);
			path = iOSGuide;
			sourceTree = "<group>";
		};
		C5ECF4DC1F89D82800CECF8B /* Support File */ = {
			isa = PBXGroup;
			children = (
				C532E41B1F889834009E38CA /* main.m */,
				C532E41A1F889834009E38CA /* Info.plist */,
				C5ECF4DD1F89D84500CECF8B /* Header.h */,
			);
			name = "Support File";
			sourceTree = "<group>";
		};
		C5ECF4DE1F8A0BE800CECF8B /* Frameworks */ = {
			isa = PBXGroup;
			children = (
				C5ECF4DF1F8A0BE800CECF8B /* AddressBook.framework */,
				75066658D3EF804CB65E01E5 /* libPods-iOSGuide.a */,
			);
			name = Frameworks;
			sourceTree = "<group>";
		};
		C5FB165A1F8B997B00350055 /* WKWebView */ = {
			isa = PBXGroup;
			children = (
				C5FB165B1F8B998400350055 /* UKWebViewController.h */,
				C5FB165C1F8B998400350055 /* UKWebViewController.m */,
				C5FB165E1F8B9AAB00350055 /* webview.html */,
			);
			path = WKWebView;
			sourceTree = "<group>";
		};
		CE861DF421762F19009927A8 /* Autolayout */ = {
			isa = PBXGroup;
			children = (
				CE9ABD37228BEC9B00115D2C /* PGAutoLayout.h */,
				CE9ABD38228BEC9B00115D2C /* PGAutoLayout.m */,
			);
			path = Autolayout;
			sourceTree = "<group>";
		};
		CEA02DAC223B909C00157527 /* UITextField */ = {
			isa = PBXGroup;
			children = (
				CEA02DAE223B913000157527 /* UKUITextFieldViewController.h */,
				CEA02DAF223B913000157527 /* UKUITextFieldViewController.m */,
				CEA02DB1223B915E00157527 /* UKUITextFieldViewController.xib */,
			);
			path = UITextField;
			sourceTree = "<group>";
		};
		CEA02DAD223B90D400157527 /* UIControl */ = {
			isa = PBXGroup;
			children = (
				CEA02DAC223B909C00157527 /* UITextField */,
			);
			path = UIControl;
			sourceTree = "<group>";
		};
/* End PBXGroup section */

/* Begin PBXNativeTarget section */
		C532E4081F889834009E38CA /* iOSGuide */ = {
			isa = PBXNativeTarget;
			buildConfigurationList = C532E41F1F889834009E38CA /* Build configuration list for PBXNativeTarget "iOSGuide" */;
			buildPhases = (
				57E90DFBC457BF78EE681080 /* [CP] Check Pods Manifest.lock */,
				C532E4051F889834009E38CA /* Sources */,
				C532E4061F889834009E38CA /* Frameworks */,
				C532E4071F889834009E38CA /* Resources */,
				E390B151E9322C0DCA6B9026 /* [CP] Embed Pods Frameworks */,
				405D55D5FE8B684CEB274411 /* [CP] Copy Pods Resources */,
				CE9ABD3A228BEE0B00115D2C /* [PG] Fetch Router Table */,
			);
			buildRules = (
			);
			dependencies = (
			);
			name = iOSGuide;
			productName = iOSGuide;
			productReference = C532E4091F889834009E38CA /* iOSGuide.app */;
			productType = "com.apple.product-type.application";
		};
/* End PBXNativeTarget section */

/* Begin PBXProject section */
		C532E4011F889834009E38CA /* Project object */ = {
			isa = PBXProject;
			attributes = {
				CLASSPREFIX = GD;
				LastUpgradeCheck = 0940;
				ORGANIZATIONNAME = BinaryParadise;
				TargetAttributes = {
					C532E4081F889834009E38CA = {
						CreatedOnToolsVersion = 9.0;
						ProvisioningStyle = Manual;
					};
				};
			};
			buildConfigurationList = C532E4041F889834009E38CA /* Build configuration list for PBXProject "iOSGuide" */;
			compatibilityVersion = "Xcode 8.0";
			developmentRegion = en;
			hasScannedForEncodings = 0;
			knownRegions = (
				en,
				Base,
			);
			mainGroup = C532E4001F889834009E38CA;
			productRefGroup = C532E40A1F889834009E38CA /* Products */;
			projectDirPath = "";
			projectRoot = "";
			targets = (
				C532E4081F889834009E38CA /* iOSGuide */,
			);
		};
/* End PBXProject section */

/* Begin PBXResourcesBuildPhase section */
		C532E4071F889834009E38CA /* Resources */ = {
			isa = PBXResourcesBuildPhase;
			buildActionMask = 2147483647;
			files = (
				CEA02DB2223B915E00157527 /* UKUITextFieldViewController.xib in Resources */,
				C5FB165F1F8B9AAB00350055 /* webview.html in Resources */,
				C532E4191F889834009E38CA /* LaunchScreen.storyboard in Resources */,
				C532E4161F889834009E38CA /* Assets.xcassets in Resources */,
				244848E2223CAECC00A37FC7 /* Storyboard.storyboard in Resources */,
				C532E4141F889834009E38CA /* Main.storyboard in Resources */,
				244848D4223CA92100A37FC7 /* UKPageViewController.xib in Resources */,
				24DD1F39228B0C49001713EC /* AutoLayout.storyboard in Resources */,
			);
			runOnlyForDeploymentPostprocessing = 0;
		};
/* End PBXResourcesBuildPhase section */

/* Begin PBXShellScriptBuildPhase section */
		405D55D5FE8B684CEB274411 /* [CP] Copy Pods Resources */ = {
			isa = PBXShellScriptBuildPhase;
			buildActionMask = 2147483647;
			files = (
			);
			inputFileListPaths = (
			);
			inputPaths = (
			);
			name = "[CP] Copy Pods Resources";
			outputFileListPaths = (
			);
			outputPaths = (
			);
			runOnlyForDeploymentPostprocessing = 0;
			shellPath = /bin/sh;
			shellScript = "\"${SRCROOT}/Pods/Target Support Files/Pods-iOSGuide/Pods-iOSGuide-resources.sh\"\n";
			showEnvVarsInLog = 0;
		};
		57E90DFBC457BF78EE681080 /* [CP] Check Pods Manifest.lock */ = {
			isa = PBXShellScriptBuildPhase;
			buildActionMask = 2147483647;
			files = (
			);
			inputFileListPaths = (
			);
			inputPaths = (
				"${PODS_PODFILE_DIR_PATH}/Podfile.lock",
				"${PODS_ROOT}/Manifest.lock",
			);
			name = "[CP] Check Pods Manifest.lock";
			outputFileListPaths = (
			);
			outputPaths = (
				"$(DERIVED_FILE_DIR)/Pods-iOSGuide-checkManifestLockResult.txt",
			);
			runOnlyForDeploymentPostprocessing = 0;
			shellPath = /bin/sh;
			shellScript = "diff \"${PODS_PODFILE_DIR_PATH}/Podfile.lock\" \"${PODS_ROOT}/Manifest.lock\" > /dev/null\nif [ $? != 0 ] ; then\n    # print error to STDERR\n    echo \"error: The sandbox is not in sync with the Podfile.lock. Run 'pod install' or update your CocoaPods installation.\" >&2\n    exit 1\nfi\n# This output is used by Xcode 'outputs' to avoid re-running this script phase.\necho \"SUCCESS\" > \"${SCRIPT_OUTPUT_FILE_0}\"\n";
			showEnvVarsInLog = 0;
		};
		CE9ABD3A228BEE0B00115D2C /* [PG] Fetch Router Table */ = {
			isa = PBXShellScriptBuildPhase;
			buildActionMask = 2147483647;
			files = (
			);
			inputFileListPaths = (
			);
			inputPaths = (
			);
			name = "[PG] Fetch Router Table";
			outputFileListPaths = (
			);
			outputPaths = (
			);
			runOnlyForDeploymentPostprocessing = 0;
			shellPath = /bin/sh;
			shellScript = "dest=${METAL_LIBRARY_OUTPUT_DIR}/Peregrine \nif [ ! -d \"$dest\" ]; then\nmkdir \"$dest\"\nfi\nsrcfile=${SRCROOT}/Peregrine\nif [ ! -f \"$srcfile\" ]; then\ncp \"$srcfile/.routers.json\" \"${dest}/routers.json\"\nelse\necho 'router file not find'\nfi\n";
		};
		E390B151E9322C0DCA6B9026 /* [CP] Embed Pods Frameworks */ = {
			isa = PBXShellScriptBuildPhase;
			buildActionMask = 2147483647;
			files = (
			);
			inputFileListPaths = (
			);
			inputPaths = (
			);
			name = "[CP] Embed Pods Frameworks";
			outputFileListPaths = (
			);
			outputPaths = (
			);
			runOnlyForDeploymentPostprocessing = 0;
			shellPath = /bin/sh;
			shellScript = "\"${SRCROOT}/Pods/Target Support Files/Pods-iOSGuide/Pods-iOSGuide-frameworks.sh\"\n";
			showEnvVarsInLog = 0;
		};
/* End PBXShellScriptBuildPhase section */

/* Begin PBXSourcesBuildPhase section */
		C532E4051F889834009E38CA /* Sources */ = {
			isa = PBXSourcesBuildPhase;
			buildActionMask = 2147483647;
			files = (
				C5FB165D1F8B998400350055 /* UKWebViewController.m in Sources */,
				CEA02DB0223B913000157527 /* UKUITextFieldViewController.m in Sources */,
				C532E4111F889834009E38CA /* ViewController.m in Sources */,
				CE9ABD36228BE48400115D2C /* GDRouterTableViewCell.m in Sources */,
				C532E41C1F889834009E38CA /* main.m in Sources */,
				2461DF37222D677800D4382F /* UKPageViewController.m in Sources */,
				CE9ABD39228BEC9B00115D2C /* PGAutoLayout.m in Sources */,
				C532E40E1F889834009E38CA /* AppDelegate.m in Sources */,
				249DD25521E1F408009B8781 /* PGUIViewController.m in Sources */,
				249DD25221E1EF92009B8781 /* PGDemoView.m in Sources */,
			);
			runOnlyForDeploymentPostprocessing = 0;
		};
/* End PBXSourcesBuildPhase section */

/* Begin PBXVariantGroup section */
		C532E4121F889834009E38CA /* Main.storyboard */ = {
			isa = PBXVariantGroup;
			children = (
				C532E4131F889834009E38CA /* Base */,
			);
			name = Main.storyboard;
			sourceTree = "<group>";
		};
		C532E4171F889834009E38CA /* LaunchScreen.storyboard */ = {
			isa = PBXVariantGroup;
			children = (
				C532E4181F889834009E38CA /* Base */,
			);
			name = LaunchScreen.storyboard;
			sourceTree = "<group>";
		};
/* End PBXVariantGroup section */

/* Begin XCBuildConfiguration section */
		C532E41D1F889834009E38CA /* Debug */ = {
			isa = XCBuildConfiguration;
			buildSettings = {
				ALWAYS_SEARCH_USER_PATHS = NO;
				CLANG_ANALYZER_NONNULL = YES;
				CLANG_ANALYZER_NUMBER_OBJECT_CONVERSION = YES_AGGRESSIVE;
				CLANG_CXX_LANGUAGE_STANDARD = "gnu++14";
				CLANG_CXX_LIBRARY = "libc++";
				CLANG_ENABLE_MODULES = YES;
				CLANG_ENABLE_OBJC_ARC = YES;
				CLANG_WARN_BLOCK_CAPTURE_AUTORELEASING = YES;
				CLANG_WARN_BOOL_CONVERSION = YES;
				CLANG_WARN_COMMA = YES;
				CLANG_WARN_CONSTANT_CONVERSION = YES;
				CLANG_WARN_DEPRECATED_OBJC_IMPLEMENTATIONS = YES;
				CLANG_WARN_DIRECT_OBJC_ISA_USAGE = YES_ERROR;
				CLANG_WARN_DOCUMENTATION_COMMENTS = YES;
				CLANG_WARN_EMPTY_BODY = YES;
				CLANG_WARN_ENUM_CONVERSION = YES;
				CLANG_WARN_INFINITE_RECURSION = YES;
				CLANG_WARN_INT_CONVERSION = YES;
				CLANG_WARN_NON_LITERAL_NULL_CONVERSION = YES;
				CLANG_WARN_OBJC_IMPLICIT_RETAIN_SELF = YES;
				CLANG_WARN_OBJC_LITERAL_CONVERSION = YES;
				CLANG_WARN_OBJC_ROOT_CLASS = YES_ERROR;
				CLANG_WARN_RANGE_LOOP_ANALYSIS = YES;
				CLANG_WARN_STRICT_PROTOTYPES = YES;
				CLANG_WARN_SUSPICIOUS_MOVE = YES;
				CLANG_WARN_UNGUARDED_AVAILABILITY = YES_AGGRESSIVE;
				CLANG_WARN_UNREACHABLE_CODE = YES;
				CLANG_WARN__DUPLICATE_METHOD_MATCH = YES;
				CODE_SIGN_IDENTITY = "iPhone Developer";
				COPY_PHASE_STRIP = NO;
				DEBUG_INFORMATION_FORMAT = dwarf;
				ENABLE_STRICT_OBJC_MSGSEND = YES;
				ENABLE_TESTABILITY = YES;
				GCC_C_LANGUAGE_STANDARD = gnu11;
				GCC_DYNAMIC_NO_PIC = NO;
				GCC_NO_COMMON_BLOCKS = YES;
				GCC_OPTIMIZATION_LEVEL = 0;
				GCC_PREPROCESSOR_DEFINITIONS = (
					"DEBUG=1",
					"$(inherited)",
				);
				GCC_WARN_64_TO_32_BIT_CONVERSION = YES;
				GCC_WARN_ABOUT_RETURN_TYPE = YES_ERROR;
				GCC_WARN_UNDECLARED_SELECTOR = YES;
				GCC_WARN_UNINITIALIZED_AUTOS = YES_AGGRESSIVE;
				GCC_WARN_UNUSED_FUNCTION = YES;
				GCC_WARN_UNUSED_VARIABLE = YES;
				IPHONEOS_DEPLOYMENT_TARGET = 9.0;
				MTL_ENABLE_DEBUG_INFO = YES;
				ONLY_ACTIVE_ARCH = YES;
				OTHER_CFLAGS = "";
				SDKROOT = iphoneos;
			};
			name = Debug;
		};
		C532E41E1F889834009E38CA /* Release */ = {
			isa = XCBuildConfiguration;
			buildSettings = {
				ALWAYS_SEARCH_USER_PATHS = NO;
				CLANG_ANALYZER_NONNULL = YES;
				CLANG_ANALYZER_NUMBER_OBJECT_CONVERSION = YES_AGGRESSIVE;
				CLANG_CXX_LANGUAGE_STANDARD = "gnu++14";
				CLANG_CXX_LIBRARY = "libc++";
				CLANG_ENABLE_MODULES = YES;
				CLANG_ENABLE_OBJC_ARC = YES;
				CLANG_WARN_BLOCK_CAPTURE_AUTORELEASING = YES;
				CLANG_WARN_BOOL_CONVERSION = YES;
				CLANG_WARN_COMMA = YES;
				CLANG_WARN_CONSTANT_CONVERSION = YES;
				CLANG_WARN_DEPRECATED_OBJC_IMPLEMENTATIONS = YES;
				CLANG_WARN_DIRECT_OBJC_ISA_USAGE = YES_ERROR;
				CLANG_WARN_DOCUMENTATION_COMMENTS = YES;
				CLANG_WARN_EMPTY_BODY = YES;
				CLANG_WARN_ENUM_CONVERSION = YES;
				CLANG_WARN_INFINITE_RECURSION = YES;
				CLANG_WARN_INT_CONVERSION = YES;
				CLANG_WARN_NON_LITERAL_NULL_CONVERSION = YES;
				CLANG_WARN_OBJC_IMPLICIT_RETAIN_SELF = YES;
				CLANG_WARN_OBJC_LITERAL_CONVERSION = YES;
				CLANG_WARN_OBJC_ROOT_CLASS = YES_ERROR;
				CLANG_WARN_RANGE_LOOP_ANALYSIS = YES;
				CLANG_WARN_STRICT_PROTOTYPES = YES;
				CLANG_WARN_SUSPICIOUS_MOVE = YES;
				CLANG_WARN_UNGUARDED_AVAILABILITY = YES_AGGRESSIVE;
				CLANG_WARN_UNREACHABLE_CODE = YES;
				CLANG_WARN__DUPLICATE_METHOD_MATCH = YES;
				CODE_SIGN_IDENTITY = "iPhone Developer";
				COPY_PHASE_STRIP = NO;
				DEBUG_INFORMATION_FORMAT = "dwarf-with-dsym";
				ENABLE_NS_ASSERTIONS = NO;
				ENABLE_STRICT_OBJC_MSGSEND = YES;
				GCC_C_LANGUAGE_STANDARD = gnu11;
				GCC_NO_COMMON_BLOCKS = YES;
				GCC_WARN_64_TO_32_BIT_CONVERSION = YES;
				GCC_WARN_ABOUT_RETURN_TYPE = YES_ERROR;
				GCC_WARN_UNDECLARED_SELECTOR = YES;
				GCC_WARN_UNINITIALIZED_AUTOS = YES_AGGRESSIVE;
				GCC_WARN_UNUSED_FUNCTION = YES;
				GCC_WARN_UNUSED_VARIABLE = YES;
				IPHONEOS_DEPLOYMENT_TARGET = 9.0;
				MTL_ENABLE_DEBUG_INFO = NO;
				OTHER_CFLAGS = "";
				SDKROOT = iphoneos;
				VALIDATE_PRODUCT = YES;
			};
			name = Release;
		};
		C532E4201F889834009E38CA /* Debug */ = {
			isa = XCBuildConfiguration;
			baseConfigurationReference = 718BD6F7C3D146C929607C43 /* Pods-iOSGuide.debug.xcconfig */;
			buildSettings = {
				ASSETCATALOG_COMPILER_APPICON_NAME = AppIcon;
				CC = "${CCROOT}/bin/clang";
				CCROOT = "${HOME}/Github/llvm_xcode/Debug";
				CODE_SIGN_STYLE = Manual;
				COMPILER_INDEX_STORE_ENABLE = NO;
				DEVELOPMENT_TEAM = "";
				GCC_PRECOMPILE_PREFIX_HEADER = YES;
				GCC_PREFIX_HEADER = iOSGuide/Header.h;
				GCC_PREPROCESSOR_DEFINITIONS = (
					"DEBUG=1",
					"UseXcodeColors=1",
					"$(inherited)",
				);
				INFOPLIST_FILE = iOSGuide/Info.plist;
				LD_RUNPATH_SEARCH_PATHS = "$(inherited) @executable_path/Frameworks";
				OTHER_CFLAGS = (
					"$(inherited)",
					"-isysroot",
					"${SDK_DIR}",
					"-Xclang",
					"-load",
					"-Xclang",
					"${CCROOT}/lib/PeregrinePlugin.dylib",
					"-Xclang",
					"-add-plugin",
					"-Xclang",
					PeregrinePlugin,
				);
				PRODUCT_BUNDLE_IDENTIFIER = com.joenggaa.iOSGuide;
				PRODUCT_NAME = "$(TARGET_NAME)";
				PROVISIONING_PROFILE_SPECIFIER = "";
				TARGETED_DEVICE_FAMILY = "1,2";
			};
			name = Debug;
		};
		C532E4211F889834009E38CA /* Release */ = {
			isa = XCBuildConfiguration;
			baseConfigurationReference = 96D769841181428D3A6F9E85 /* Pods-iOSGuide.release.xcconfig */;
			buildSettings = {
				ASSETCATALOG_COMPILER_APPICON_NAME = AppIcon;
				CC = "${CCROOT}/bin/clang";
				CCROOT = "${HOME}/Github/llvm_xcode/Debug";
				CODE_SIGN_STYLE = Manual;
				COMPILER_INDEX_STORE_ENABLE = NO;
				DEVELOPMENT_TEAM = "";
				GCC_PRECOMPILE_PREFIX_HEADER = YES;
				GCC_PREFIX_HEADER = iOSGuide/Header.h;
				INFOPLIST_FILE = iOSGuide/Info.plist;
				LD_RUNPATH_SEARCH_PATHS = "$(inherited) @executable_path/Frameworks";
				OTHER_CFLAGS = (
					"$(inherited)",
					"-isysroot",
					"${SDK_DIR}",
					"-Xclang",
					"-load",
					"-Xclang",
					"${CCROOT}/lib/PeregrinePlugin.dylib",
					"-Xclang",
					"-add-plugin",
					"-Xclang",
					PeregrinePlugin,
				);
				PRODUCT_BUNDLE_IDENTIFIER = com.joenggaa.iOSGuide;
				PRODUCT_NAME = "$(TARGET_NAME)";
				PROVISIONING_PROFILE_SPECIFIER = "";
				TARGETED_DEVICE_FAMILY = "1,2";
			};
			name = Release;
		};
/* End XCBuildConfiguration section */

/* Begin XCConfigurationList section */
		C532E4041F889834009E38CA /* Build configuration list for PBXProject "iOSGuide" */ = {
			isa = XCConfigurationList;
			buildConfigurations = (
				C532E41D1F889834009E38CA /* Debug */,
				C532E41E1F889834009E38CA /* Release */,
			);
			defaultConfigurationIsVisible = 0;
			defaultConfigurationName = Release;
		};
		C532E41F1F889834009E38CA /* Build configuration list for PBXNativeTarget "iOSGuide" */ = {
			isa = XCConfigurationList;
			buildConfigurations = (
				C532E4201F889834009E38CA /* Debug */,
				C532E4211F889834009E38CA /* Release */,
			);
			defaultConfigurationIsVisible = 0;
			defaultConfigurationName = Release;
		};
/* End XCConfigurationList section */
	};
	rootObject = C532E4011F889834009E38CA /* Project object */;
}
