// !$*UTF8*$!
{
	archiveVersion = 1;
	classes = {
	};
	objectVersion = 48;
	objects = {

/* Begin PBXBuildFile section */
		C532E40E1F889834009E38CA /* AppDelegate.m in Sources */ = {isa = PBXBuildFile; fileRef = C532E40D1F889834009E38CA /* AppDelegate.m */; };
		C532E4111F889834009E38CA /* ViewController.m in Sources */ = {isa = PBXBuildFile; fileRef = C532E4101F889834009E38CA /* ViewController.m */; };
		C532E4141F889834009E38CA /* Main.storyboard in Resources */ = {isa = PBXBuildFile; fileRef = C532E4121F889834009E38CA /* Main.storyboard */; };
		C532E4161F889834009E38CA /* Assets.xcassets in Resources */ = {isa = PBXBuildFile; fileRef = C532E4151F889834009E38CA /* Assets.xcassets */; };
		C532E4191F889834009E38CA /* LaunchScreen.storyboard in Resources */ = {isa = PBXBuildFile; fileRef = C532E4171F889834009E38CA /* LaunchScreen.storyboard */; };
		C532E41C1F889834009E38CA /* main.m in Sources */ = {isa = PBXBuildFile; fileRef = C532E41B1F889834009E38CA /* main.m */; };
		C532E4251F88997B009E38CA /* GCDDemo.m in Sources */ = {isa = PBXBuildFile; fileRef = C532E4241F88997B009E38CA /* GCDDemo.m */; };
		C5ECF4D31F89BF5C00CECF8B /* MemoryConstruction.m in Sources */ = {isa = PBXBuildFile; fileRef = C5ECF4D21F89BF5C00CECF8B /* MemoryConstruction.m */; };
		C5ECF4D71F89C53600CECF8B /* GCDViewController.m in Sources */ = {isa = PBXBuildFile; fileRef = C5ECF4D51F89C53600CECF8B /* GCDViewController.m */; };
		C5ECF4DB1F89D74700CECF8B /* MemoryViewController.m in Sources */ = {isa = PBXBuildFile; fileRef = C5ECF4DA1F89D74700CECF8B /* MemoryViewController.m */; };
		C5ECF4E01F8A0BE800CECF8B /* AddressBook.framework in Frameworks */ = {isa = PBXBuildFile; fileRef = C5ECF4DF1F8A0BE800CECF8B /* AddressBook.framework */; };
		C5ECF4E41F8B19E500CECF8B /* ARCViewController.m in Sources */ = {isa = PBXBuildFile; fileRef = C5ECF4E31F8B19E500CECF8B /* ARCViewController.m */; };
		C5ECF4E71F8B1AFF00CECF8B /* ARCDemo.m in Sources */ = {isa = PBXBuildFile; fileRef = C5ECF4E61F8B1AFF00CECF8B /* ARCDemo.m */; };
		C5FB165D1F8B998400350055 /* WebViewController.m in Sources */ = {isa = PBXBuildFile; fileRef = C5FB165C1F8B998400350055 /* WebViewController.m */; };
		C5FB165F1F8B9AAB00350055 /* webview.html in Resources */ = {isa = PBXBuildFile; fileRef = C5FB165E1F8B9AAB00350055 /* webview.html */; };
		C5FB16631F8BB0F500350055 /* NSNumber+Addition.m in Sources */ = {isa = PBXBuildFile; fileRef = C5FB16621F8BB0F500350055 /* NSNumber+Addition.m */; };
/* End PBXBuildFile section */

/* Begin PBXFileReference section */
		C532E4091F889834009E38CA /* iOSGuide.app */ = {isa = PBXFileReference; explicitFileType = wrapper.application; includeInIndex = 0; path = iOSGuide.app; sourceTree = BUILT_PRODUCTS_DIR; };
		C532E40C1F889834009E38CA /* AppDelegate.h */ = {isa = PBXFileReference; lastKnownFileType = sourcecode.c.h; path = AppDelegate.h; sourceTree = "<group>"; };
		C532E40D1F889834009E38CA /* AppDelegate.m */ = {isa = PBXFileReference; lastKnownFileType = sourcecode.c.objc; path = AppDelegate.m; sourceTree = "<group>"; };
		C532E40F1F889834009E38CA /* ViewController.h */ = {isa = PBXFileReference; lastKnownFileType = sourcecode.c.h; path = ViewController.h; sourceTree = "<group>"; };
		C532E4101F889834009E38CA /* ViewController.m */ = {isa = PBXFileReference; lastKnownFileType = sourcecode.c.objc; path = ViewController.m; sourceTree = "<group>"; };
		C532E4131F889834009E38CA /* Base */ = {isa = PBXFileReference; lastKnownFileType = file.storyboard; name = Base; path = Base.lproj/Main.storyboard; sourceTree = "<group>"; };
		C532E4151F889834009E38CA /* Assets.xcassets */ = {isa = PBXFileReference; lastKnownFileType = folder.assetcatalog; path = Assets.xcassets; sourceTree = "<group>"; };
		C532E4181F889834009E38CA /* Base */ = {isa = PBXFileReference; lastKnownFileType = file.storyboard; name = Base; path = Base.lproj/LaunchScreen.storyboard; sourceTree = "<group>"; };
		C532E41A1F889834009E38CA /* Info.plist */ = {isa = PBXFileReference; lastKnownFileType = text.plist.xml; path = Info.plist; sourceTree = "<group>"; };
		C532E41B1F889834009E38CA /* main.m */ = {isa = PBXFileReference; lastKnownFileType = sourcecode.c.objc; path = main.m; sourceTree = "<group>"; };
		C532E4231F88997B009E38CA /* GCDDemo.h */ = {isa = PBXFileReference; lastKnownFileType = sourcecode.c.h; path = GCDDemo.h; sourceTree = "<group>"; };
		C532E4241F88997B009E38CA /* GCDDemo.m */ = {isa = PBXFileReference; lastKnownFileType = sourcecode.c.objc; path = GCDDemo.m; sourceTree = "<group>"; };
		C5ECF4D11F89BF5C00CECF8B /* MemoryConstruction.h */ = {isa = PBXFileReference; fileEncoding = 4; lastKnownFileType = sourcecode.c.h; path = MemoryConstruction.h; sourceTree = "<group>"; };
		C5ECF4D21F89BF5C00CECF8B /* MemoryConstruction.m */ = {isa = PBXFileReference; fileEncoding = 4; lastKnownFileType = sourcecode.c.objc; path = MemoryConstruction.m; sourceTree = "<group>"; };
		C5ECF4D41F89C53600CECF8B /* GCDViewController.h */ = {isa = PBXFileReference; fileEncoding = 4; lastKnownFileType = sourcecode.c.h; name = GCDViewController.h; path = iOSGuide/GCD/GCDViewController.h; sourceTree = SOURCE_ROOT; };
		C5ECF4D51F89C53600CECF8B /* GCDViewController.m */ = {isa = PBXFileReference; fileEncoding = 4; lastKnownFileType = sourcecode.c.objc; name = GCDViewController.m; path = iOSGuide/GCD/GCDViewController.m; sourceTree = SOURCE_ROOT; };
		C5ECF4D91F89D74700CECF8B /* MemoryViewController.h */ = {isa = PBXFileReference; fileEncoding = 4; lastKnownFileType = sourcecode.c.h; path = MemoryViewController.h; sourceTree = "<group>"; };
		C5ECF4DA1F89D74700CECF8B /* MemoryViewController.m */ = {isa = PBXFileReference; fileEncoding = 4; lastKnownFileType = sourcecode.c.objc; path = MemoryViewController.m; sourceTree = "<group>"; };
		C5ECF4DD1F89D84500CECF8B /* Header.h */ = {isa = PBXFileReference; fileEncoding = 4; lastKnownFileType = sourcecode.c.h; path = Header.h; sourceTree = "<group>"; };
		C5ECF4DF1F8A0BE800CECF8B /* AddressBook.framework */ = {isa = PBXFileReference; lastKnownFileType = wrapper.framework; name = AddressBook.framework; path = System/Library/Frameworks/AddressBook.framework; sourceTree = SDKROOT; };
		C5ECF4E21F8B19E500CECF8B /* ARCViewController.h */ = {isa = PBXFileReference; fileEncoding = 4; lastKnownFileType = sourcecode.c.h; path = ARCViewController.h; sourceTree = "<group>"; };
		C5ECF4E31F8B19E500CECF8B /* ARCViewController.m */ = {isa = PBXFileReference; fileEncoding = 4; lastKnownFileType = sourcecode.c.objc; path = ARCViewController.m; sourceTree = "<group>"; };
		C5ECF4E51F8B1AFF00CECF8B /* ARCDemo.h */ = {isa = PBXFileReference; fileEncoding = 4; lastKnownFileType = sourcecode.c.h; path = ARCDemo.h; sourceTree = "<group>"; };
		C5ECF4E61F8B1AFF00CECF8B /* ARCDemo.m */ = {isa = PBXFileReference; fileEncoding = 4; lastKnownFileType = sourcecode.c.objc; path = ARCDemo.m; sourceTree = "<group>"; };
		C5FB165B1F8B998400350055 /* WebViewController.h */ = {isa = PBXFileReference; lastKnownFileType = sourcecode.c.h; path = WebViewController.h; sourceTree = "<group>"; };
		C5FB165C1F8B998400350055 /* WebViewController.m */ = {isa = PBXFileReference; lastKnownFileType = sourcecode.c.objc; path = WebViewController.m; sourceTree = "<group>"; };
		C5FB165E1F8B9AAB00350055 /* webview.html */ = {isa = PBXFileReference; lastKnownFileType = text.html; path = webview.html; sourceTree = "<group>"; };
		C5FB16611F8BB0F500350055 /* NSNumber+Addition.h */ = {isa = PBXFileReference; lastKnownFileType = sourcecode.c.h; path = "NSNumber+Addition.h"; sourceTree = "<group>"; };
		C5FB16621F8BB0F500350055 /* NSNumber+Addition.m */ = {isa = PBXFileReference; lastKnownFileType = sourcecode.c.objc; path = "NSNumber+Addition.m"; sourceTree = "<group>"; };
/* End PBXFileReference section */

/* Begin PBXFrameworksBuildPhase section */
		C532E4061F889834009E38CA /* Frameworks */ = {
			isa = PBXFrameworksBuildPhase;
			buildActionMask = 2147483647;
			files = (
				C5ECF4E01F8A0BE800CECF8B /* AddressBook.framework in Frameworks */,
			);
			runOnlyForDeploymentPostprocessing = 0;
		};
/* End PBXFrameworksBuildPhase section */

/* Begin PBXGroup section */
		C532E4001F889834009E38CA = {
			isa = PBXGroup;
			children = (
				C532E40B1F889834009E38CA /* iOSGuide */,
				C532E40A1F889834009E38CA /* Products */,
				C5ECF4DE1F8A0BE800CECF8B /* Frameworks */,
			);
			sourceTree = "<group>";
		};
		C532E40A1F889834009E38CA /* Products */ = {
			isa = PBXGroup;
			children = (
				C532E4091F889834009E38CA /* iOSGuide.app */,
			);
			name = Products;
			sourceTree = "<group>";
		};
		C532E40B1F889834009E38CA /* iOSGuide */ = {
			isa = PBXGroup;
			children = (
				C532E40C1F889834009E38CA /* AppDelegate.h */,
				C532E40D1F889834009E38CA /* AppDelegate.m */,
				C532E40F1F889834009E38CA /* ViewController.h */,
				C532E4101F889834009E38CA /* ViewController.m */,
				C532E4121F889834009E38CA /* Main.storyboard */,
				C5FB16601F8BB0CD00350055 /* Category */,
				C5FB165A1F8B997B00350055 /* WebView */,
				C5ECF4E11F8B19C800CECF8B /* ARC */,
				C5ECF4D01F89BF4700CECF8B /* ObjectMemory */,
				C532E4221F889877009E38CA /* GCD */,
				C532E4151F889834009E38CA /* Assets.xcassets */,
				C532E4171F889834009E38CA /* LaunchScreen.storyboard */,
				C5ECF4DC1F89D82800CECF8B /* Support File */,
			);
			path = iOSGuide;
			sourceTree = "<group>";
		};
		C532E4221F889877009E38CA /* GCD */ = {
			isa = PBXGroup;
			children = (
				C5ECF4D41F89C53600CECF8B /* GCDViewController.h */,
				C5ECF4D51F89C53600CECF8B /* GCDViewController.m */,
				C532E4231F88997B009E38CA /* GCDDemo.h */,
				C532E4241F88997B009E38CA /* GCDDemo.m */,
			);
			path = GCD;
			sourceTree = "<group>";
		};
		C5ECF4D01F89BF4700CECF8B /* ObjectMemory */ = {
			isa = PBXGroup;
			children = (
				C5ECF4D91F89D74700CECF8B /* MemoryViewController.h */,
				C5ECF4DA1F89D74700CECF8B /* MemoryViewController.m */,
				C5ECF4D11F89BF5C00CECF8B /* MemoryConstruction.h */,
				C5ECF4D21F89BF5C00CECF8B /* MemoryConstruction.m */,
			);
			path = ObjectMemory;
			sourceTree = "<group>";
		};
		C5ECF4DC1F89D82800CECF8B /* Support File */ = {
			isa = PBXGroup;
			children = (
				C532E41B1F889834009E38CA /* main.m */,
				C532E41A1F889834009E38CA /* Info.plist */,
				C5ECF4DD1F89D84500CECF8B /* Header.h */,
			);
			name = "Support File";
			sourceTree = "<group>";
		};
		C5ECF4DE1F8A0BE800CECF8B /* Frameworks */ = {
			isa = PBXGroup;
			children = (
				C5ECF4DF1F8A0BE800CECF8B /* AddressBook.framework */,
			);
			name = Frameworks;
			sourceTree = "<group>";
		};
		C5ECF4E11F8B19C800CECF8B /* ARC */ = {
			isa = PBXGroup;
			children = (
				C5ECF4E21F8B19E500CECF8B /* ARCViewController.h */,
				C5ECF4E31F8B19E500CECF8B /* ARCViewController.m */,
				C5ECF4E51F8B1AFF00CECF8B /* ARCDemo.h */,
				C5ECF4E61F8B1AFF00CECF8B /* ARCDemo.m */,
			);
			path = ARC;
			sourceTree = "<group>";
		};
		C5FB165A1F8B997B00350055 /* WebView */ = {
			isa = PBXGroup;
			children = (
				C5FB165B1F8B998400350055 /* WebViewController.h */,
				C5FB165C1F8B998400350055 /* WebViewController.m */,
				C5FB165E1F8B9AAB00350055 /* webview.html */,
			);
			path = WebView;
			sourceTree = "<group>";
		};
		C5FB16601F8BB0CD00350055 /* Category */ = {
			isa = PBXGroup;
			children = (
				C5FB16611F8BB0F500350055 /* NSNumber+Addition.h */,
				C5FB16621F8BB0F500350055 /* NSNumber+Addition.m */,
			);
			path = Category;
			sourceTree = "<group>";
		};
/* End PBXGroup section */

/* Begin PBXNativeTarget section */
		C532E4081F889834009E38CA /* iOSGuide */ = {
			isa = PBXNativeTarget;
			buildConfigurationList = C532E41F1F889834009E38CA /* Build configuration list for PBXNativeTarget "iOSGuide" */;
			buildPhases = (
				C532E4051F889834009E38CA /* Sources */,
				C532E4061F889834009E38CA /* Frameworks */,
				C532E4071F889834009E38CA /* Resources */,
			);
			buildRules = (
			);
			dependencies = (
			);
			name = iOSGuide;
			productName = iOSGuide;
			productReference = C532E4091F889834009E38CA /* iOSGuide.app */;
			productType = "com.apple.product-type.application";
		};
/* End PBXNativeTarget section */

/* Begin PBXProject section */
		C532E4011F889834009E38CA /* Project object */ = {
			isa = PBXProject;
			attributes = {
				LastUpgradeCheck = 0900;
				ORGANIZATIONNAME = mylcode;
				TargetAttributes = {
					C532E4081F889834009E38CA = {
						CreatedOnToolsVersion = 9.0;
						ProvisioningStyle = Automatic;
					};
				};
			};
			buildConfigurationList = C532E4041F889834009E38CA /* Build configuration list for PBXProject "iOSGuide" */;
			compatibilityVersion = "Xcode 8.0";
			developmentRegion = en;
			hasScannedForEncodings = 0;
			knownRegions = (
				en,
				Base,
			);
			mainGroup = C532E4001F889834009E38CA;
			productRefGroup = C532E40A1F889834009E38CA /* Products */;
			projectDirPath = "";
			projectRoot = "";
			targets = (
				C532E4081F889834009E38CA /* iOSGuide */,
			);
		};
/* End PBXProject section */

/* Begin PBXResourcesBuildPhase section */
		C532E4071F889834009E38CA /* Resources */ = {
			isa = PBXResourcesBuildPhase;
			buildActionMask = 2147483647;
			files = (
				C5FB165F1F8B9AAB00350055 /* webview.html in Resources */,
				C532E4191F889834009E38CA /* LaunchScreen.storyboard in Resources */,
				C532E4161F889834009E38CA /* Assets.xcassets in Resources */,
				C532E4141F889834009E38CA /* Main.storyboard in Resources */,
			);
			runOnlyForDeploymentPostprocessing = 0;
		};
/* End PBXResourcesBuildPhase section */

/* Begin PBXSourcesBuildPhase section */
		C532E4051F889834009E38CA /* Sources */ = {
			isa = PBXSourcesBuildPhase;
			buildActionMask = 2147483647;
			files = (
				C5FB16631F8BB0F500350055 /* NSNumber+Addition.m in Sources */,
				C5ECF4E71F8B1AFF00CECF8B /* ARCDemo.m in Sources */,
				C5FB165D1F8B998400350055 /* WebViewController.m in Sources */,
				C532E4111F889834009E38CA /* ViewController.m in Sources */,
				C5ECF4D71F89C53600CECF8B /* GCDViewController.m in Sources */,
				C532E41C1F889834009E38CA /* main.m in Sources */,
				C5ECF4E41F8B19E500CECF8B /* ARCViewController.m in Sources */,
				C532E40E1F889834009E38CA /* AppDelegate.m in Sources */,
				C5ECF4D31F89BF5C00CECF8B /* MemoryConstruction.m in Sources */,
				C532E4251F88997B009E38CA /* GCDDemo.m in Sources */,
				C5ECF4DB1F89D74700CECF8B /* MemoryViewController.m in Sources */,
			);
			runOnlyForDeploymentPostprocessing = 0;
		};
/* End PBXSourcesBuildPhase section */

/* Begin PBXVariantGroup section */
		C532E4121F889834009E38CA /* Main.storyboard */ = {
			isa = PBXVariantGroup;
			children = (
				C532E4131F889834009E38CA /* Base */,
			);
			name = Main.storyboard;
			sourceTree = "<group>";
		};
		C532E4171F889834009E38CA /* LaunchScreen.storyboard */ = {
			isa = PBXVariantGroup;
			children = (
				C532E4181F889834009E38CA /* Base */,
			);
			name = LaunchScreen.storyboard;
			sourceTree = "<group>";
		};
/* End PBXVariantGroup section */

/* Begin XCBuildConfiguration section */
		C532E41D1F889834009E38CA /* Debug */ = {
			isa = XCBuildConfiguration;
			buildSettings = {
				ALWAYS_SEARCH_USER_PATHS = NO;
				CLANG_ANALYZER_NONNULL = YES;
				CLANG_ANALYZER_NUMBER_OBJECT_CONVERSION = YES_AGGRESSIVE;
				CLANG_CXX_LANGUAGE_STANDARD = "gnu++14";
				CLANG_CXX_LIBRARY = "libc++";
				CLANG_ENABLE_MODULES = YES;
				CLANG_ENABLE_OBJC_ARC = YES;
				CLANG_WARN_BLOCK_CAPTURE_AUTORELEASING = YES;
				CLANG_WARN_BOOL_CONVERSION = YES;
				CLANG_WARN_COMMA = YES;
				CLANG_WARN_CONSTANT_CONVERSION = YES;
				CLANG_WARN_DIRECT_OBJC_ISA_USAGE = YES_ERROR;
				CLANG_WARN_DOCUMENTATION_COMMENTS = YES;
				CLANG_WARN_EMPTY_BODY = YES;
				CLANG_WARN_ENUM_CONVERSION = YES;
				CLANG_WARN_INFINITE_RECURSION = YES;
				CLANG_WARN_INT_CONVERSION = YES;
				CLANG_WARN_NON_LITERAL_NULL_CONVERSION = YES;
				CLANG_WARN_OBJC_LITERAL_CONVERSION = YES;
				CLANG_WARN_OBJC_ROOT_CLASS = YES_ERROR;
				CLANG_WARN_RANGE_LOOP_ANALYSIS = YES;
				CLANG_WARN_STRICT_PROTOTYPES = YES;
				CLANG_WARN_SUSPICIOUS_MOVE = YES;
				CLANG_WARN_UNGUARDED_AVAILABILITY = YES_AGGRESSIVE;
				CLANG_WARN_UNREACHABLE_CODE = YES;
				CLANG_WARN__DUPLICATE_METHOD_MATCH = YES;
				CODE_SIGN_IDENTITY = "iPhone Developer";
				COPY_PHASE_STRIP = NO;
				DEBUG_INFORMATION_FORMAT = dwarf;
				ENABLE_STRICT_OBJC_MSGSEND = YES;
				ENABLE_TESTABILITY = YES;
				GCC_C_LANGUAGE_STANDARD = gnu11;
				GCC_DYNAMIC_NO_PIC = NO;
				GCC_NO_COMMON_BLOCKS = YES;
				GCC_OPTIMIZATION_LEVEL = 0;
				GCC_PREPROCESSOR_DEFINITIONS = (
					"DEBUG=1",
					"$(inherited)",
				);
				GCC_WARN_64_TO_32_BIT_CONVERSION = YES;
				GCC_WARN_ABOUT_RETURN_TYPE = YES_ERROR;
				GCC_WARN_UNDECLARED_SELECTOR = YES;
				GCC_WARN_UNINITIALIZED_AUTOS = YES_AGGRESSIVE;
				GCC_WARN_UNUSED_FUNCTION = YES;
				GCC_WARN_UNUSED_VARIABLE = YES;
				IPHONEOS_DEPLOYMENT_TARGET = 8.0;
				MTL_ENABLE_DEBUG_INFO = YES;
				ONLY_ACTIVE_ARCH = YES;
				SDKROOT = iphoneos;
			};
			name = Debug;
		};
		C532E41E1F889834009E38CA /* Release */ = {
			isa = XCBuildConfiguration;
			buildSettings = {
				ALWAYS_SEARCH_USER_PATHS = NO;
				CLANG_ANALYZER_NONNULL = YES;
				CLANG_ANALYZER_NUMBER_OBJECT_CONVERSION = YES_AGGRESSIVE;
				CLANG_CXX_LANGUAGE_STANDARD = "gnu++14";
				CLANG_CXX_LIBRARY = "libc++";
				CLANG_ENABLE_MODULES = YES;
				CLANG_ENABLE_OBJC_ARC = YES;
				CLANG_WARN_BLOCK_CAPTURE_AUTORELEASING = YES;
				CLANG_WARN_BOOL_CONVERSION = YES;
				CLANG_WARN_COMMA = YES;
				CLANG_WARN_CONSTANT_CONVERSION = YES;
				CLANG_WARN_DIRECT_OBJC_ISA_USAGE = YES_ERROR;
				CLANG_WARN_DOCUMENTATION_COMMENTS = YES;
				CLANG_WARN_EMPTY_BODY = YES;
				CLANG_WARN_ENUM_CONVERSION = YES;
				CLANG_WARN_INFINITE_RECURSION = YES;
				CLANG_WARN_INT_CONVERSION = YES;
				CLANG_WARN_NON_LITERAL_NULL_CONVERSION = YES;
				CLANG_WARN_OBJC_LITERAL_CONVERSION = YES;
				CLANG_WARN_OBJC_ROOT_CLASS = YES_ERROR;
				CLANG_WARN_RANGE_LOOP_ANALYSIS = YES;
				CLANG_WARN_STRICT_PROTOTYPES = YES;
				CLANG_WARN_SUSPICIOUS_MOVE = YES;
				CLANG_WARN_UNGUARDED_AVAILABILITY = YES_AGGRESSIVE;
				CLANG_WARN_UNREACHABLE_CODE = YES;
				CLANG_WARN__DUPLICATE_METHOD_MATCH = YES;
				CODE_SIGN_IDENTITY = "iPhone Developer";
				COPY_PHASE_STRIP = NO;
				DEBUG_INFORMATION_FORMAT = "dwarf-with-dsym";
				ENABLE_NS_ASSERTIONS = NO;
				ENABLE_STRICT_OBJC_MSGSEND = YES;
				GCC_C_LANGUAGE_STANDARD = gnu11;
				GCC_NO_COMMON_BLOCKS = YES;
				GCC_WARN_64_TO_32_BIT_CONVERSION = YES;
				GCC_WARN_ABOUT_RETURN_TYPE = YES_ERROR;
				GCC_WARN_UNDECLARED_SELECTOR = YES;
				GCC_WARN_UNINITIALIZED_AUTOS = YES_AGGRESSIVE;
				GCC_WARN_UNUSED_FUNCTION = YES;
				GCC_WARN_UNUSED_VARIABLE = YES;
				IPHONEOS_DEPLOYMENT_TARGET = 8.0;
				MTL_ENABLE_DEBUG_INFO = NO;
				SDKROOT = iphoneos;
				VALIDATE_PRODUCT = YES;
			};
			name = Release;
		};
		C532E4201F889834009E38CA /* Debug */ = {
			isa = XCBuildConfiguration;
			buildSettings = {
				ASSETCATALOG_COMPILER_APPICON_NAME = AppIcon;
				CODE_SIGN_STYLE = Automatic;
				DEVELOPMENT_TEAM = K7HSM7PHS7;
				GCC_PRECOMPILE_PREFIX_HEADER = YES;
				GCC_PREFIX_HEADER = iOSGuide/Header.h;
				INFOPLIST_FILE = iOSGuide/Info.plist;
				LD_RUNPATH_SEARCH_PATHS = "$(inherited) @executable_path/Frameworks";
				PRODUCT_BUNDLE_IDENTIFIER = com.zjlp.iOSGuide;
				PRODUCT_NAME = "$(TARGET_NAME)";
				PROVISIONING_PROFILE = "08121f3d-6f0d-489b-9743-30d5602ac7e7";
				PROVISIONING_PROFILE_SPECIFIER = "";
				TARGETED_DEVICE_FAMILY = "1,2";
			};
			name = Debug;
		};
		C532E4211F889834009E38CA /* Release */ = {
			isa = XCBuildConfiguration;
			buildSettings = {
				ASSETCATALOG_COMPILER_APPICON_NAME = AppIcon;
				CODE_SIGN_STYLE = Automatic;
				DEVELOPMENT_TEAM = "";
				GCC_PRECOMPILE_PREFIX_HEADER = YES;
				GCC_PREFIX_HEADER = iOSGuide/Header.h;
				INFOPLIST_FILE = iOSGuide/Info.plist;
				LD_RUNPATH_SEARCH_PATHS = "$(inherited) @executable_path/Frameworks";
				PRODUCT_BUNDLE_IDENTIFIER = com.zjlp.iOSGuide;
				PRODUCT_NAME = "$(TARGET_NAME)";
				PROVISIONING_PROFILE_SPECIFIER = "";
				TARGETED_DEVICE_FAMILY = "1,2";
			};
			name = Release;
		};
/* End XCBuildConfiguration section */

/* Begin XCConfigurationList section */
		C532E4041F889834009E38CA /* Build configuration list for PBXProject "iOSGuide" */ = {
			isa = XCConfigurationList;
			buildConfigurations = (
				C532E41D1F889834009E38CA /* Debug */,
				C532E41E1F889834009E38CA /* Release */,
			);
			defaultConfigurationIsVisible = 0;
			defaultConfigurationName = Release;
		};
		C532E41F1F889834009E38CA /* Build configuration list for PBXNativeTarget "iOSGuide" */ = {
			isa = XCConfigurationList;
			buildConfigurations = (
				C532E4201F889834009E38CA /* Debug */,
				C532E4211F889834009E38CA /* Release */,
			);
			defaultConfigurationIsVisible = 0;
			defaultConfigurationName = Release;
		};
/* End XCConfigurationList section */
	};
	rootObject = C532E4011F889834009E38CA /* Project object */;
}
