PODS:
  - AFNetworking (3.2.1):
    - AFNetworking/NSURLSession (= 3.2.1)
    - AFNetworking/Reachability (= 3.2.1)
    - AFNetworking/Security (= 3.2.1)
    - AFNetworking/Serialization (= 3.2.1)
    - AFNetworking/UIKit (= 3.2.1)
  - AFNetworking/NSURLSession (3.2.1):
    - AFNetworking/Reachability
    - AFNetworking/Security
    - AFNetworking/Serialization
  - AFNetworking/Reachability (3.2.1)
  - AFNetworking/Security (3.2.1)
  - AFNetworking/Serialization (3.2.1)
  - AFNetworking/UIKit (3.2.1):
    - AFNetworking/NSURLSession
  - CocoaLumberjack (3.6.0):
    - CocoaLumberjack/Core (= 3.6.0)
  - CocoaLumberjack/Core (3.6.0)
  - FBRetainCycleDetector (0.1.4)
  - Masonry (1.1.0)
  - MBProgressHUD (1.1.0)
  - MCFoundation (0.2.2)
  - MCJSONKit (0.5.1):
    - MCFoundation (~> 0.2)
  - MCLogger (0.6.1):
    - CocoaLumberjack (~> 3.0)
    - MJExtension (~> 3.0)
    - SAMKeychain (~> 1.5)
    - SocketRocket (~> 0.5)
  - MCObserverKit (0.2.0):
    - MCFoundation (~> 0.2)
  - MCUIKit (0.3.0):
    - MCUIKit/UIKit (= 0.3.0)
  - MCUIKit/Category (0.3.0)
  - MCUIKit/Gesonry (0.3.0)
  - MCUIKit/UIKit (0.3.0):
    - MCUIKit/Category
    - MCUIKit/Gesonry
  - MJExtension (3.2.1)
  - MJRefresh (3.2.2)
  - MLeaksFinder (1.0.0):
    - FBRetainCycleDetector
  - NLDataType (0.1.0)
  - NLFoundation (0.1.0):
    - NLModuleService
  - NLLogger (0.1.0):
    - MCLogger (~> 0.5)
  - NLModelService (0.1.0):
    - NLLogger
    - NLUtility
  - NLModuleService (0.1.0):
    - NLModelService
  - NLRouterAction (0.1.0):
    - Masonry (~> 1.0)
    - MBProgressHUD
    - MCJSONKit (~> 0.5)
    - MCLogger (~> 0.6)
    - MCUIKit (~> 0.3)
    - Peregrine (~> 0.5)
  - NLUIComponent (0.1.0)
  - NLUtility (0.1.0)
  - NLWeibo (0.1.0):
    - NLLogger
    - Weibo_SDK (~> 3.2)
  - Peregrine (0.5.1)
  - Realm (3.21.0):
    - Realm/Headers (= 3.21.0)
  - Realm/Headers (3.21.0)
  - SAMKeychain (1.5.3)
  - SDWebImage (5.3.1):
    - SDWebImage/Core (= 5.3.1)
  - SDWebImage/Core (5.3.1)
  - SocketRocket (0.5.1)
  - Toast (4.0.0)
  - Weibo_SDK (3.2.5.1)

DEPENDENCIES:
  - AFNetworking
  - Masonry
  - MBProgressHUD
  - MCJSONKit (from `../../../MCJSONKit`)
  - MCObserverKit
  - MCUIKit
  - MJRefresh
  - MLeaksFinder
  - NLDataType (from `../NLDataType`)
  - NLFoundation (from `../NLFoundation`)
  - NLLogger (from `../NLLogger`)
  - NLModelService (from `../NLModelService`)
  - NLModuleService (from `../NLModuleService`)
  - NLRouterAction (from `../NLRouterAction`)
  - NLUIComponent (from `../NLUIComponent`)
  - NLUtility (from `../NLUtility`)
  - NLWeibo (from `../NLWeibo`)
  - Realm (~> 3.2)
  - SDWebImage
  - Toast

SPEC REPOS:
  trunk:
    - AFNetworking
    - CocoaLumberjack
    - FBRetainCycleDetector
    - Masonry
    - MBProgressHUD
    - MCFoundation
    - MCLogger
    - MCObserverKit
    - MCUIKit
    - MJExtension
    - MJRefresh
    - MLeaksFinder
    - Peregrine
    - Realm
    - SAMKeychain
    - SDWebImage
    - SocketRocket
    - Toast
    - Weibo_SDK

EXTERNAL SOURCES:
  MCJSONKit:
    :path: "../../../MCJSONKit"
  NLDataType:
    :path: "../NLDataType"
  NLFoundation:
    :path: "../NLFoundation"
  NLLogger:
    :path: "../NLLogger"
  NLModelService:
    :path: "../NLModelService"
  NLModuleService:
    :path: "../NLModuleService"
  NLRouterAction:
    :path: "../NLRouterAction"
  NLUIComponent:
    :path: "../NLUIComponent"
  NLUtility:
    :path: "../NLUtility"
  NLWeibo:
    :path: "../NLWeibo"

SPEC CHECKSUMS:
  AFNetworking: b6f891fdfaed196b46c7a83cf209e09697b94057
  CocoaLumberjack: 78b0c238666f4f58db069738ec176f4519557516
  FBRetainCycleDetector: 46f8179bbb1c587deee3ea838a1a3ee02acf5015
  Masonry: 678fab65091a9290e40e2832a55e7ab731aad201
  MBProgressHUD: e7baa36a220447d8aeb12769bf0585582f3866d9
  MCFoundation: 1c05141cbc900ec15618d7d4c75fb88719d7b658
  MCJSONKit: dd40b3d00f5ca03dba107a82f3dbc40ff40fea0d
  MCLogger: baac17a212e7026585e2f1528d6de3fe548474c0
  MCObserverKit: e85df8596f0619a751dfc510e312f800b6ba1f70
  MCUIKit: 4d9fb8d30b0cf44bf99605ecd248a3092d6f4e13
  MJExtension: 635f2c663dcb1bf76fa4b715b2570a5710aec545
  MJRefresh: 72a46ecaa2a0feaf48fc5198dff95f25f8bb27c6
  MLeaksFinder: 8c435bd2f6d070af18cff082b503b21adc130fc0
  NLDataType: cd29bba6318753b409c36d12135f9919025afefa
  NLFoundation: 19da3d0f33a2bf4f6070d2d3f78e4610d08a34c7
  NLLogger: 1e4b5c11d46cd0ebea28252c23c8bcec43e06b82
  NLModelService: 4a8bf9ef1d2bf1f649b10d441948a567d40cc13f
  NLModuleService: 92d495f4d4c86e8201f7d6edb7b6c33b16b8afe6
  NLRouterAction: 55c23bb37a4de65248fef2e1c76fa3492c330863
  NLUIComponent: 28c9fdc90d84830027d2f9bbfdb660b04bbd056d
  NLUtility: 07b6efce83b718fcd3c589a9cdd91f7f87723312
  NLWeibo: 0b9c9657a786c92e559596158c6746d6932168c4
  Peregrine: 39509966cc7b4ea813197423c7df801ebe69056b
  Realm: 38e9dcb19104b58407167d99f70d4995f7c16023
  SAMKeychain: 483e1c9f32984d50ca961e26818a534283b4cd5c
  SDWebImage: 7137d57385fb632129838c1e6ab9528a22c666cc
  SocketRocket: d57c7159b83c3c6655745cd15302aa24b6bae531
  Toast: 91b396c56ee72a5790816f40d3a94dd357abc196
  Weibo_SDK: 76455315cb43d6a63c1990bf91483f05a98d45fd

PODFILE CHECKSUM: 55e7f5bdd1ed62f80fc06644b56e746837873065

COCOAPODS: 1.8.4
