PODS:
  - CocoaLumberjack (3.7.2):
    - CocoaLumberjack/Core (= 3.7.2)
  - CocoaLumberjack/Core (3.7.2)
  - CocoaLumberjack/Swift (3.7.2):
    - CocoaLumberjack/Core
  - HybridLib (0.1.0):
    - CocoaLumberjack/Swift
    - SnapKit
    - WechatOpenSDK
    - YYCategories
  - LibObjectivec (0.1.0)
  - LibSwifter (0.1.0):
    - CocoaLumberjack/Swift
  - MixedLib (0.1.0):
    - HybridLib
    - LibObjectivec
    - LibSwifter
    - PureSwiftLib
  - Nimble (8.0.9)
  - Peregrine (0.9.0)
  - PureObjCLib (0.1.0):
    - WechatOpenSDK
    - YYCategories
  - PureSwiftLib (0.1.0):
    - PureObjCLib
    - YYCategories
  - Quick (2.2.1)
  - SnapKit (4.2.0)
  - Starscream (4.0.4)
  - SwifterSwift (5.1.0):
    - SwifterSwift/AppKit (= 5.1.0)
    - SwifterSwift/CoreGraphics (= 5.1.0)
    - SwifterSwift/CoreLocation (= 5.1.0)
    - SwifterSwift/Dispatch (= 5.1.0)
    - SwifterSwift/Foundation (= 5.1.0)
    - SwifterSwift/MapKit (= 5.1.0)
    - SwifterSwift/SceneKit (= 5.1.0)
    - SwifterSwift/SpriteKit (= 5.1.0)
    - SwifterSwift/SwiftStdlib (= 5.1.0)
    - SwifterSwift/UIKit (= 5.1.0)
  - SwifterSwift/AppKit (5.1.0)
  - SwifterSwift/CoreGraphics (5.1.0)
  - SwifterSwift/CoreLocation (5.1.0)
  - SwifterSwift/Dispatch (5.1.0)
  - SwifterSwift/Foundation (5.1.0)
  - SwifterSwift/MapKit (5.1.0)
  - SwifterSwift/SceneKit (5.1.0)
  - SwifterSwift/SpriteKit (5.1.0)
  - SwifterSwift/SwiftStdlib (5.1.0)
  - SwifterSwift/UIKit (5.1.0)
  - SwiftyJSON (5.0.1)
  - WechatOpenSDK (1.8.7.1)
  - YYCategories (1.0.4):
    - YYCategories/no-arc (= 1.0.4)
  - YYCategories/no-arc (1.0.4)

DEPENDENCIES:
  - CocoaLumberjack
  - HybridLib (from `../../HybridLib`)
  - LibObjectivec (from `../LibObjectivec`)
  - LibSwifter (from `../LibSwifter`)
  - MixedLib (from `../../MixedLib`)
  - Nimble (~> 8.0.7)
  - Peregrine (~> 0.9.0)
  - PureObjCLib (from `../../PureObjCLib`)
  - PureSwiftLib (from `../../PureSwiftLib`)
  - Quick (~> 2.2.0)
  - SnapKit
  - Starscream
  - SwifterSwift
  - SwiftyJSON

SPEC REPOS:
  trunk:
    - CocoaLumberjack
    - Nimble
    - Peregrine
    - Quick
    - SnapKit
    - Starscream
    - SwifterSwift
    - SwiftyJSON
    - WechatOpenSDK
    - YYCategories

EXTERNAL SOURCES:
  HybridLib:
    :path: "../../HybridLib"
  LibObjectivec:
    :path: "../LibObjectivec"
  LibSwifter:
    :path: "../LibSwifter"
  MixedLib:
    :path: "../../MixedLib"
  PureObjCLib:
    :path: "../../PureObjCLib"
  PureSwiftLib:
    :path: "../../PureSwiftLib"

SPEC CHECKSUMS:
  CocoaLumberjack: b7e05132ff94f6ae4dfa9d5bce9141893a21d9da
  HybridLib: d52d5c1e8977b1a4b9dc82c2e1fa6eb90967e1b3
  LibObjectivec: ff858e792b6b064fc9a1ca9b6430aa6c9c2da178
  LibSwifter: 82875da41eddaf35fde94cd07f94dff40f47572f
  MixedLib: e90c568b303d302f5318887234bcd0bbe01ec42b
  Nimble: 98b888285a615fd34f20e61753cf58ea1402bde4
  Peregrine: 29093f1dc872b4201478dcc59da5b0054e7aa88a
  PureObjCLib: a6727062f3f6bd28e642943f8f5f850eff3a77b5
  PureSwiftLib: ad032f8f9394aec88769f433b3861aa7c9d60bd5
  Quick: f5754d69b7013f5864c29aab9ae6f0c79c5bc200
  SnapKit: fe8a619752f3f27075cc9a90244d75c6c3f27e2a
  Starscream: 5178aed56b316f13fa3bc55694e583d35dd414d9
  SwifterSwift: a9e8e144832638c2850b43da5feaf9598c6ad65b
  SwiftyJSON: 2f33a42c6fbc52764d96f13368585094bfd8aa5e
  WechatOpenSDK: 6a4d1436c15b3b5fe2a0bd383f3046010186da44
  YYCategories: 6bcd4314c6661a561410dce4a793379ebd306abd

PODFILE CHECKSUM: 504f70dc8ace3d4de374bc9b18f2243b3972c5b3

COCOAPODS: 1.10.1
