PODS:
  - CocoaLumberjack (3.5.3):
    - CocoaLumberjack/Core (= 3.5.3)
  - CocoaLumberjack/Core (3.5.3)
  - MCLogger (0.6.1):
    - CocoaLumberjack (~> 3.0)
    - MJExtension (~> 3.0)
    - SAMKeychain (~> 1.5)
    - SocketRocket (~> 0.5)
  - MJExtension (3.0.17)
  - Peregrine (0.2.3)
  - SAMKeychain (1.5.3)
  - SocketRocket (0.5.1)

DEPENDENCIES:
  - MCLogger
  - Peregrine (~> 0.2.3)

SPEC REPOS:
  https://github.com/cocoapods/specs.git:
    - CocoaLumberjack
    - MCLogger
    - MJExtension
    - Peregrine
    - SAMKeychain
    - SocketRocket

SPEC CHECKSUMS:
  CocoaLumberjack: 2f44e60eb91c176d471fdba43b9e3eae6a721947
  MCLogger: baac17a212e7026585e2f1528d6de3fe548474c0
  MJExtension: 74ec83124a68891619fb7ba9c5c811bbf1691076
  Peregrine: 080d286cd7e9e86090477a3c53e26dde9321517e
  SAMKeychain: 483e1c9f32984d50ca961e26818a534283b4cd5c
  SocketRocket: d57c7159b83c3c6655745cd15302aa24b6bae531

PODFILE CHECKSUM: 5cb8ad53919bf910798ba727286e15dd391888f2

COCOAPODS: 1.7.3
