PODS:
  - CocoaLumberjack (3.4.2):
    - CocoaLumberjack/Default (= 3.4.2)
    - CocoaLumberjack/Extensions (= 3.4.2)
  - CocoaLumberjack/Default (3.4.2)
  - CocoaLumberjack/Extensions (3.4.2):
    - CocoaLumberjack/Default
  - MCLogger (0.5.0):
    - CocoaLumberjack (~> 3.0)
    - MJExtension (~> 3.0)
    - SAMKeychain (~> 1.5)
    - SocketRocket (~> 0.5)
  - MJExtension (3.0.15.1)
  - Peregrine (0.2.0)
  - SAMKeychain (1.5.3)
  - SocketRocket (0.5.1)

DEPENDENCIES:
  - MCLogger (from `../../../MCLogger`)
  - Peregrine (from `git@github.com:BinaryParadise/Peregrine.git`, branch `master`)

EXTERNAL SOURCES:
  MCLogger:
    :path: ../../../MCLogger
  Peregrine:
    :branch: master
    :git: git@github.com:BinaryParadise/Peregrine.git

CHECKOUT OPTIONS:
  Peregrine:
    :commit: 37d985fe841e18778dee7e85372ad9076d495b07
    :git: git@github.com:BinaryParadise/Peregrine.git

SPEC CHECKSUMS:
  CocoaLumberjack: db7cc9e464771f12054c22ff6947c5a58d43a0fd
  MCLogger: cbcb3b3572caa9dbe5e5b1cf9b9ae004287d14f5
  MJExtension: 19bc33ce2eee2d319760f5622562cf581a6ff756
  Peregrine: 94c87f8556170415b47929960f66e61180710fe4
  SAMKeychain: 483e1c9f32984d50ca961e26818a534283b4cd5c
  SocketRocket: d57c7159b83c3c6655745cd15302aa24b6bae531

PODFILE CHECKSUM: f734559907259552d1fc3990f95c83ae25fc396a

COCOAPODS: 1.4.0
