PODS:
  - CocoaLumberjack (3.4.2):
    - CocoaLumberjack/Default (= 3.4.2)
    - CocoaLumberjack/Extensions (= 3.4.2)
  - CocoaLumberjack/Default (3.4.2)
  - CocoaLumberjack/Extensions (3.4.2):
    - CocoaLumberjack/Default
  - MCLogger (0.5.0):
    - CocoaLumberjack (~> 3.0)
    - MJExtension (~> 3.0)
    - SAMKeychain (~> 1.5)
    - SocketRocket (~> 0.5)
  - MJExtension (3.0.15.1)
  - Peregrine (0.2.3)
  - SAMKeychain (1.5.3)
  - SocketRocket (0.5.1)

DEPENDENCIES:
  - MCLogger (from `../../../MCLogger`)
  - Peregrine (~> 0.2.3)

EXTERNAL SOURCES:
  MCLogger:
    :path: ../../../MCLogger

SPEC CHECKSUMS:
  CocoaLumberjack: db7cc9e464771f12054c22ff6947c5a58d43a0fd
  MCLogger: cbcb3b3572caa9dbe5e5b1cf9b9ae004287d14f5
  MJExtension: 19bc33ce2eee2d319760f5622562cf581a6ff756
  Peregrine: 080d286cd7e9e86090477a3c53e26dde9321517e
  SAMKeychain: 483e1c9f32984d50ca961e26818a534283b4cd5c
  SocketRocket: d57c7159b83c3c6655745cd15302aa24b6bae531

PODFILE CHECKSUM: 76b240710bf2ee274d9aad5ac76c8d9008b7d17c

COCOAPODS: 1.4.0
