PODS:
  - AFNetworking (3.2.1):
    - AFNetworking/NSURLSession (= 3.2.1)
    - AFNetworking/Reachability (= 3.2.1)
    - AFNetworking/Security (= 3.2.1)
    - AFNetworking/Serialization (= 3.2.1)
    - AFNetworking/UIKit (= 3.2.1)
  - AFNetworking/NSURLSession (3.2.1):
    - AFNetworking/Reachability
    - AFNetworking/Security
    - AFNetworking/Serialization
  - AFNetworking/Reachability (3.2.1)
  - AFNetworking/Security (3.2.1)
  - AFNetworking/Serialization (3.2.1)
  - AFNetworking/UIKit (3.2.1):
    - AFNetworking/NSURLSession
  - CocoaLumberjack (3.6.0):
    - CocoaLumberjack/Core (= 3.6.0)
  - CocoaLumberjack/Core (3.6.0)
  - FBRetainCycleDetector (0.1.4)
  - Masonry (1.1.0)
  - MBProgressHUD (1.1.0)
  - MCFoundation (0.2.2)
  - MCJSONKit (0.5.1):
    - MCFoundation (~> 0.2)
  - MCLogger (0.6.1):
    - CocoaLumberjack (~> 3.0)
    - MJExtension (~> 3.0)
    - SAMKeychain (~> 1.5)
    - SocketRocket (~> 0.5)
  - MCObserverKit (0.2.0):
    - MCFoundation (~> 0.2)
  - MCUIKit (0.3.1)
  - MJExtension (3.2.1)
  - MJRefresh (3.2.3)
  - MLeaksFinder (1.0.0):
    - FBRetainCycleDetector
  - NLDataType (0.1.0):
    - NLRouterAction
  - NLExtension (0.1.0):
    - NLModelService
    - NLRouterAction
  - NLFoundation (0.1.0):
    - NLModelService
    - NLModuleService
    - NLProtocols
    - NLRouterAction
  - NLLogger (0.1.0):
    - MCLogger (~> 0.5)
    - NLProtocols
  - NLModelService (0.1.0):
    - MCJSONKit (~> 0.5)
    - NLUtility
  - NLModuleService (0.1.0):
    - NLLogger
    - NLProtocols
  - NLProtocols (0.1.0)
  - NLRouterAction (0.1.0):
    - MCJSONKit
    - NLModelService
    - NLModuleService
    - NLUIComponent
    - Peregrine (~> 0.5)
  - NLUIComponent (0.1.0):
    - Masonry (~> 1.0)
    - MBProgressHUD
    - MCUIKit (~> 0.3)
    - MJRefresh
    - NLLogger
    - SDWebImage
    - SnapKit
    - Toast
  - NLUtility (0.1.0):
    - MCObserverKit
    - NLLogger
  - NLWeibo (0.1.0):
    - AFNetworking (~> 3.2)
    - NLModuleService
    - NLRouterAction
    - Realm (~> 3.2)
    - Weibo_SDK (~> 3.2)
  - Peregrine (0.5.1)
  - Realm (3.21.0):
    - Realm/Headers (= 3.21.0)
  - Realm/Headers (3.21.0)
  - SAMKeychain (1.5.3)
  - SDWebImage (5.3.2):
    - SDWebImage/Core (= 5.3.2)
  - SDWebImage/Core (5.3.2)
  - SnapKit (4.2.0)
  - SocketRocket (0.5.1)
  - Toast (4.0.0)
  - Weibo_SDK (3.2.5.1)

DEPENDENCIES:
  - Masonry
  - MBProgressHUD
  - MCJSONKit (from `../../../MCJSONKit`)
  - MCObserverKit
  - MLeaksFinder
  - NLDataType (from `../NLDataType`)
  - NLExtension (from `../NLExtension`)
  - NLFoundation (from `../NLFoundation`)
  - NLLogger (from `../NLLogger`)
  - NLModelService (from `../NLModelService`)
  - NLModuleService (from `../NLModuleService`)
  - NLProtocols (from `../NLProtocols`)
  - NLRouterAction (from `../NLRouterAction`)
  - NLUIComponent (from `../NLUIComponent`)
  - NLUtility (from `../NLUtility`)
  - NLWeibo (from `../NLWeibo`)
  - Peregrine (from `../../../Peregrine`)

SPEC REPOS:
  trunk:
    - AFNetworking
    - CocoaLumberjack
    - FBRetainCycleDetector
    - Masonry
    - MBProgressHUD
    - MCFoundation
    - MCLogger
    - MCObserverKit
    - MCUIKit
    - MJExtension
    - MJRefresh
    - MLeaksFinder
    - Realm
    - SAMKeychain
    - SDWebImage
    - SnapKit
    - SocketRocket
    - Toast
    - Weibo_SDK

EXTERNAL SOURCES:
  MCJSONKit:
    :path: "../../../MCJSONKit"
  NLDataType:
    :path: "../NLDataType"
  NLExtension:
    :path: "../NLExtension"
  NLFoundation:
    :path: "../NLFoundation"
  NLLogger:
    :path: "../NLLogger"
  NLModelService:
    :path: "../NLModelService"
  NLModuleService:
    :path: "../NLModuleService"
  NLProtocols:
    :path: "../NLProtocols"
  NLRouterAction:
    :path: "../NLRouterAction"
  NLUIComponent:
    :path: "../NLUIComponent"
  NLUtility:
    :path: "../NLUtility"
  NLWeibo:
    :path: "../NLWeibo"
  Peregrine:
    :path: "../../../Peregrine"

SPEC CHECKSUMS:
  AFNetworking: b6f891fdfaed196b46c7a83cf209e09697b94057
  CocoaLumberjack: 78b0c238666f4f58db069738ec176f4519557516
  FBRetainCycleDetector: 46f8179bbb1c587deee3ea838a1a3ee02acf5015
  Masonry: 678fab65091a9290e40e2832a55e7ab731aad201
  MBProgressHUD: e7baa36a220447d8aeb12769bf0585582f3866d9
  MCFoundation: 1c05141cbc900ec15618d7d4c75fb88719d7b658
  MCJSONKit: e70fc4db97e5ac85ac74b622d5a5ea2b9fa0e0ba
  MCLogger: baac17a212e7026585e2f1528d6de3fe548474c0
  MCObserverKit: e85df8596f0619a751dfc510e312f800b6ba1f70
  MCUIKit: cdf31d6c54a0c3e8a371885a55212efff72b14fa
  MJExtension: 635f2c663dcb1bf76fa4b715b2570a5710aec545
  MJRefresh: 2b1214a2dc8f4df4c5dcb028ea2ad4e245425fb7
  MLeaksFinder: 8c435bd2f6d070af18cff082b503b21adc130fc0
  NLDataType: 67c8dbe88b17246482801f122151e1c4a239e564
  NLExtension: 7c829ecef916ddc4354dc099455308b20d6ef310
  NLFoundation: 74d23838dc2c00d0f81cad760effce1b9fcff81c
  NLLogger: 375e16b814422642e6a49a0f7c0aa2544ed5fa8b
  NLModelService: 8e5ead1f3b62ac79a764c3390b3ccdf7c122bbfe
  NLModuleService: 02d39c759d5c353504ed6db09408c4bdeea02bac
  NLProtocols: 3c98d3358586cd7eeb7ce740cd3d21fa85872c87
  NLRouterAction: 0ea0f02812ccae3d2a2b0419c409d9b101629f63
  NLUIComponent: c82eefca2fe34ad5451e26bedbddbff5f0e445d4
  NLUtility: a3a7c0d87c892aa4b6ff0b38e24d0c1d1ee35fa1
  NLWeibo: 8dcd3ee58180e945e0481fe5ee8b7497c83d3d9d
  Peregrine: 39509966cc7b4ea813197423c7df801ebe69056b
  Realm: 38e9dcb19104b58407167d99f70d4995f7c16023
  SAMKeychain: 483e1c9f32984d50ca961e26818a534283b4cd5c
  SDWebImage: 6ac2eb96571bff96ecde31a987172c5934a0eb7d
  SnapKit: fe8a619752f3f27075cc9a90244d75c6c3f27e2a
  SocketRocket: d57c7159b83c3c6655745cd15302aa24b6bae531
  Toast: 91b396c56ee72a5790816f40d3a94dd357abc196
  Weibo_SDK: 76455315cb43d6a63c1990bf91483f05a98d45fd

PODFILE CHECKSUM: 8274d0a3a3978dbd6f7748838cab74fbc4e7c57f

COCOAPODS: 1.8.4
