PODS:
  - AFNetworking (3.2.1):
    - AFNetworking/NSURLSession (= 3.2.1)
    - AFNetworking/Reachability (= 3.2.1)
    - AFNetworking/Security (= 3.2.1)
    - AFNetworking/Serialization (= 3.2.1)
    - AFNetworking/UIKit (= 3.2.1)
  - AFNetworking/NSURLSession (3.2.1):
    - AFNetworking/Reachability
    - AFNetworking/Security
    - AFNetworking/Serialization
  - AFNetworking/Reachability (3.2.1)
  - AFNetworking/Security (3.2.1)
  - AFNetworking/Serialization (3.2.1)
  - AFNetworking/UIKit (3.2.1):
    - AFNetworking/NSURLSession
  - Canary (0.2.1):
    - Canary/Core (= 0.2.1)
    - MJExtension
    - SAMKeychain (~> 1.5)
    - SocketRocket (~> 0.5)
  - Canary/Core (0.2.1):
    - CocoaLumberjack (<= 3.5.2)
    - FMDB (~> 2.7.0)
    - MJExtension
    - SAMKeychain (~> 1.5)
    - SocketRocket (~> 0.5)
  - CocoaLumberjack (3.5.2):
    - CocoaLumberjack/Core (= 3.5.2)
  - CocoaLumberjack/Core (3.5.2)
  - Expecta (1.0.6)
  - FBRetainCycleDetector (0.1.4)
  - FMDB (2.7.5):
    - FMDB/standard (= 2.7.5)
  - FMDB/standard (2.7.5)
  - Masonry (1.1.0)
  - MBProgressHUD (1.0.0)
  - MCFoundation (0.2.2)
  - MCJSONKit (0.5.2):
    - MCFoundation (~> 0.2)
  - MCObserverKit (0.2.0):
    - MCFoundation (~> 0.2)
  - MCUIKit (0.3.3):
    - SDWebImage
  - MJExtension (3.2.1)
  - MJRefresh (3.3.1)
  - MLeaksFinder (1.0.0):
    - FBRetainCycleDetector
  - NLDataType (0.1.0):
    - NLRouterAction
  - NLExtension (0.1.0):
    - NLModelService
    - NLModuleService
    - NLRouterAction
  - NLFoundation (0.1.0):
    - NLModelService
    - NLModuleProtocols
    - NLModuleService
    - NLRouterAction
    - NLUIComponent
  - NLLogger (0.1.0):
    - Canary
    - MLeaksFinder
  - NLModelService (0.1.0):
    - MCJSONKit (~> 0.5)
    - NLUtility
  - NLModuleProtocols (0.1.0)
  - NLModuleService (0.1.0):
    - NLLogger
    - NLModuleProtocols
  - NLRouterAction (0.1.0):
    - NLModelService
    - NLModuleService
    - NLUIComponent
    - Peregrine (~> 0.6.2)
  - NLUIComponent (0.1.0):
    - Masonry (~> 1.0)
    - MBProgressHUD (~> 1.0.0)
    - MCUIKit (~> 0.3)
    - MJRefresh
    - NLLogger
    - SDWebImage
    - SnapKit (~> 4.2)
    - Toast
  - NLUIKit (0.1.0):
    - NLRouterAction
  - NLUtility (0.1.0):
    - MCObserverKit
    - NLLogger
  - NLWeibo (0.1.0):
    - AFNetworking (~> 3.2)
    - NLModuleService
    - NLRouterAction
    - Weibo_SDK (~> 3.2)
  - Peregrine (0.6.9)
  - SAMKeychain (1.5.3)
  - SDWebImage (5.6.1):
    - SDWebImage/Core (= 5.6.1)
  - SDWebImage/Core (5.6.1)
  - SnapKit (4.2.0)
  - SocketRocket (0.5.1)
  - Specta (1.0.7)
  - Toast (4.0.0)
  - Weibo_SDK (3.2.7)

DEPENDENCIES:
  - Expecta (~> 1.0)
  - Masonry
  - MCObserverKit
  - MLeaksFinder
  - NLDataType (from `../NLDataType`)
  - NLExtension (from `../NLExtension`)
  - NLFoundation (from `../NLFoundation`)
  - NLLogger (from `../NLLogger`)
  - NLModelService (from `../NLModelService`)
  - NLModuleProtocols (from `../NLModuleProtocols`)
  - NLModuleService (from `../NLModuleService`)
  - NLRouterAction (from `../NLRouterAction`)
  - NLUIComponent (from `../NLUIComponent`)
  - NLUIKit (from `../NLUIKit`)
  - NLUtility (from `../NLUtility`)
  - NLWeibo (from `../NLWeibo`)
  - Peregrine (~> 0.6.8)
  - Specta (~> 1.0)

SPEC REPOS:
  trunk:
    - AFNetworking
    - Canary
    - CocoaLumberjack
    - Expecta
    - FBRetainCycleDetector
    - FMDB
    - Masonry
    - MBProgressHUD
    - MCFoundation
    - MCJSONKit
    - MCObserverKit
    - MCUIKit
    - MJExtension
    - MJRefresh
    - MLeaksFinder
    - Peregrine
    - SAMKeychain
    - SDWebImage
    - SnapKit
    - SocketRocket
    - Specta
    - Toast
    - Weibo_SDK

EXTERNAL SOURCES:
  NLDataType:
    :path: "../NLDataType"
  NLExtension:
    :path: "../NLExtension"
  NLFoundation:
    :path: "../NLFoundation"
  NLLogger:
    :path: "../NLLogger"
  NLModelService:
    :path: "../NLModelService"
  NLModuleProtocols:
    :path: "../NLModuleProtocols"
  NLModuleService:
    :path: "../NLModuleService"
  NLRouterAction:
    :path: "../NLRouterAction"
  NLUIComponent:
    :path: "../NLUIComponent"
  NLUIKit:
    :path: "../NLUIKit"
  NLUtility:
    :path: "../NLUtility"
  NLWeibo:
    :path: "../NLWeibo"

SPEC CHECKSUMS:
  AFNetworking: b6f891fdfaed196b46c7a83cf209e09697b94057
  Canary: 9470c1df8ce3b32cf2cc163f043c514dec2b386a
  CocoaLumberjack: 118bf4a820efc641f79fa487b75ed928dccfae23
  Expecta: 3b6bd90a64b9a1dcb0b70aa0e10a7f8f631667d5
  FBRetainCycleDetector: 46f8179bbb1c587deee3ea838a1a3ee02acf5015
  FMDB: 2ce00b547f966261cd18927a3ddb07cb6f3db82a
  Masonry: 678fab65091a9290e40e2832a55e7ab731aad201
  MBProgressHUD: 4890f671c94e8a0f3cf959aa731e9de2f036d71a
  MCFoundation: 1c05141cbc900ec15618d7d4c75fb88719d7b658
  MCJSONKit: 64251bf517b756436c185735b6f4edfdede9ec8e
  MCObserverKit: e85df8596f0619a751dfc510e312f800b6ba1f70
  MCUIKit: fa0ce9bef926e53906f88276c68063d3ef5d949a
  MJExtension: 635f2c663dcb1bf76fa4b715b2570a5710aec545
  MJRefresh: eeda70fbf0ad277f3178cef1cd0c3532591d6237
  MLeaksFinder: 8c435bd2f6d070af18cff082b503b21adc130fc0
  NLDataType: 67c8dbe88b17246482801f122151e1c4a239e564
  NLExtension: 92dcd84d81198ebe8d4c51b80a2f6f40ba4ac88a
  NLFoundation: edd52365ce8a7d21ae9c73fe055410a50c8f8d95
  NLLogger: 5a380cf2dce91f68b0198b3ba9039c0f50dd9d95
  NLModelService: 8e5ead1f3b62ac79a764c3390b3ccdf7c122bbfe
  NLModuleProtocols: 4a4d4a91c651c4041e6351fe4c67bc2403627a79
  NLModuleService: f6472699077e5f11ae548763e6f54b19bb827636
  NLRouterAction: 8151625f8406dcea79049386171d6c9bb85e82c9
  NLUIComponent: 5f81d03df13e28affeed7af22ae730bbc0e8fb12
  NLUIKit: 58e1634f9a7126d3fe3157d15fea94bb53e02886
  NLUtility: a3a7c0d87c892aa4b6ff0b38e24d0c1d1ee35fa1
  NLWeibo: 7d3555a9af1c5ba9136deae9fd8e98ee8bab11b8
  Peregrine: ba354dbda16e982771a6dc2baf1f8b1f0f03a721
  SAMKeychain: 483e1c9f32984d50ca961e26818a534283b4cd5c
  SDWebImage: 7edb9c3ea661e77a66661f7f044de8c1b55d1120
  SnapKit: fe8a619752f3f27075cc9a90244d75c6c3f27e2a
  SocketRocket: d57c7159b83c3c6655745cd15302aa24b6bae531
  Specta: 3e1bd89c3517421982dc4d1c992503e48bd5fe66
  Toast: 91b396c56ee72a5790816f40d3a94dd357abc196
  Weibo_SDK: 5a4d08f7e1fedbb635435e4585c8c0439c7da089

PODFILE CHECKSUM: 7b57c7d7bab5d6460b7f36000e912bc8aa8916ab

COCOAPODS: 1.9.1
