PODS:
  - AFNetworking (3.2.1):
    - AFNetworking/NSURLSession (= 3.2.1)
    - AFNetworking/Reachability (= 3.2.1)
    - AFNetworking/Security (= 3.2.1)
    - AFNetworking/Serialization (= 3.2.1)
    - AFNetworking/UIKit (= 3.2.1)
  - AFNetworking/NSURLSession (3.2.1):
    - AFNetworking/Reachability
    - AFNetworking/Security
    - AFNetworking/Serialization
  - AFNetworking/Reachability (3.2.1)
  - AFNetworking/Security (3.2.1)
  - AFNetworking/Serialization (3.2.1)
  - AFNetworking/UIKit (3.2.1):
    - AFNetworking/NSURLSession
  - CocoaLumberjack (3.6.1):
    - CocoaLumberjack/Core (= 3.6.1)
  - CocoaLumberjack/Core (3.6.1)
  - FBRetainCycleDetector (0.1.4)
  - Masonry (1.1.0)
  - MBProgressHUD (1.2.0)
  - MCFoundation (0.2.2)
  - MCFrontendKit (0.2.7):
    - CocoaLumberjack (~> 3.6)
    - MCUIKit (~> 0.3)
    - MJExtension
    - SAMKeychain (~> 1.5)
    - SocketRocket (~> 0.5)
  - MCJSONKit (0.5.2):
    - MCFoundation (~> 0.2)
  - MCObserverKit (0.2.0):
    - MCFoundation (~> 0.2)
  - MCUIKit (0.3.2):
    - SDWebImage
  - MJExtension (3.2.1)
  - MJRefresh (3.3.1)
  - MLeaksFinder (1.0.0):
    - FBRetainCycleDetector
  - NLDataType (0.1.0):
    - NLRouterAction
  - NLExtension (0.1.0):
    - NLModelService
    - NLRouterAction
  - NLFoundation (0.1.0):
    - NLModelService
    - NLModuleService
    - NLProtocols
    - NLRouterAction
  - NLLogger (0.1.0):
    - MCFrontendKit
    - MLeaksFinder
    - NLProtocols
  - NLModelService (0.1.0):
    - MCJSONKit (~> 0.5)
    - NLUtility
  - NLModuleService (0.1.0):
    - NLLogger
    - NLProtocols
  - NLProtocols (0.1.0)
  - NLRouterAction (0.1.0):
    - MCJSONKit
    - NLModelService
    - NLModuleService
    - NLUIComponent
    - Peregrine (~> 0.6.2)
  - NLUIComponent (0.1.0):
    - Masonry (~> 1.0)
    - MBProgressHUD
    - MCUIKit (~> 0.3)
    - MJRefresh
    - NLLogger
    - SDWebImage
    - SnapKit (~> 4.2)
    - Toast
  - NLUIKit (0.1.0):
    - Masonry
    - NLLogger
    - NLRouterAction
  - NLUtility (0.1.0):
    - MCObserverKit
    - NLLogger
  - NLWeibo (0.1.0):
    - AFNetworking (~> 3.2)
    - NLModuleService
    - NLRouterAction
    - Weibo_SDK (~> 3.2)
  - Peregrine (0.6.8)
  - SAMKeychain (1.5.3)
  - SDWebImage (5.5.2):
    - SDWebImage/Core (= 5.5.2)
  - SDWebImage/Core (5.5.2)
  - SnapKit (4.2.0)
  - SocketRocket (0.5.1)
  - Toast (4.0.0)
  - Weibo_SDK (3.2.6)

DEPENDENCIES:
  - Masonry
  - MBProgressHUD
  - MCFrontendKit (from `../../../MCFrontendService/`)
  - MCObserverKit
  - MLeaksFinder
  - NLDataType (from `../NLDataType`)
  - NLExtension (from `../NLExtension`)
  - NLFoundation (from `../NLFoundation`)
  - NLLogger (from `../NLLogger`)
  - NLModelService (from `../NLModelService`)
  - NLModuleService (from `../NLModuleService`)
  - NLProtocols (from `../NLProtocols`)
  - NLRouterAction (from `../NLRouterAction`)
  - NLUIComponent (from `../NLUIComponent`)
  - NLUIKit (from `../NLUIKit`)
  - NLUtility (from `../NLUtility`)
  - NLWeibo (from `../NLWeibo`)
  - Peregrine (~> 0.6.8)

SPEC REPOS:
  trunk:
    - AFNetworking
    - CocoaLumberjack
    - FBRetainCycleDetector
    - Masonry
    - MBProgressHUD
    - MCFoundation
    - MCJSONKit
    - MCObserverKit
    - MCUIKit
    - MJExtension
    - MJRefresh
    - MLeaksFinder
    - Peregrine
    - SAMKeychain
    - SDWebImage
    - SnapKit
    - SocketRocket
    - Toast
    - Weibo_SDK

EXTERNAL SOURCES:
  MCFrontendKit:
    :path: "../../../MCFrontendService/"
  NLDataType:
    :path: "../NLDataType"
  NLExtension:
    :path: "../NLExtension"
  NLFoundation:
    :path: "../NLFoundation"
  NLLogger:
    :path: "../NLLogger"
  NLModelService:
    :path: "../NLModelService"
  NLModuleService:
    :path: "../NLModuleService"
  NLProtocols:
    :path: "../NLProtocols"
  NLRouterAction:
    :path: "../NLRouterAction"
  NLUIComponent:
    :path: "../NLUIComponent"
  NLUIKit:
    :path: "../NLUIKit"
  NLUtility:
    :path: "../NLUtility"
  NLWeibo:
    :path: "../NLWeibo"

SPEC CHECKSUMS:
  AFNetworking: b6f891fdfaed196b46c7a83cf209e09697b94057
  CocoaLumberjack: b17ae15142558d08bbacf69775fa10c4abbebcc9
  FBRetainCycleDetector: 46f8179bbb1c587deee3ea838a1a3ee02acf5015
  Masonry: 678fab65091a9290e40e2832a55e7ab731aad201
  MBProgressHUD: 3ee5efcc380f6a79a7cc9b363dd669c5e1ae7406
  MCFoundation: 1c05141cbc900ec15618d7d4c75fb88719d7b658
  MCFrontendKit: bb2499ad328cbf8eb27f5b069ef5847c2ff48278
  MCJSONKit: 64251bf517b756436c185735b6f4edfdede9ec8e
  MCObserverKit: e85df8596f0619a751dfc510e312f800b6ba1f70
  MCUIKit: 67f3060edab3fdd57bc2bca0c732fd4191887db9
  MJExtension: 635f2c663dcb1bf76fa4b715b2570a5710aec545
  MJRefresh: eeda70fbf0ad277f3178cef1cd0c3532591d6237
  MLeaksFinder: 8c435bd2f6d070af18cff082b503b21adc130fc0
  NLDataType: 67c8dbe88b17246482801f122151e1c4a239e564
  NLExtension: 7c829ecef916ddc4354dc099455308b20d6ef310
  NLFoundation: 74d23838dc2c00d0f81cad760effce1b9fcff81c
  NLLogger: ba6d67c57347573000b39c174b381e63b62a7fd3
  NLModelService: 8e5ead1f3b62ac79a764c3390b3ccdf7c122bbfe
  NLModuleService: 02d39c759d5c353504ed6db09408c4bdeea02bac
  NLProtocols: 3c98d3358586cd7eeb7ce740cd3d21fa85872c87
  NLRouterAction: 0e45539d9bca9056974f02fbce4c1336c97fadd6
  NLUIComponent: 4ec6dbb9adc24d82321874d1d80ac8cff6f0cf73
  NLUIKit: 827aae79b453c9d3401c35b111dece4cd9706d8b
  NLUtility: a3a7c0d87c892aa4b6ff0b38e24d0c1d1ee35fa1
  NLWeibo: 7d3555a9af1c5ba9136deae9fd8e98ee8bab11b8
  Peregrine: 757c64fe37e3dd604e8e2164d9fcdd3171627b27
  SAMKeychain: 483e1c9f32984d50ca961e26818a534283b4cd5c
  SDWebImage: 4d5c027c935438f341ed33dbac53ff9f479922ca
  SnapKit: fe8a619752f3f27075cc9a90244d75c6c3f27e2a
  SocketRocket: d57c7159b83c3c6655745cd15302aa24b6bae531
  Toast: 91b396c56ee72a5790816f40d3a94dd357abc196
  Weibo_SDK: 13b51503b929ae645f52e5cf584093e6a269bcd9

PODFILE CHECKSUM: 3903814c6d91a660238b18eb718f69c3595ad152

COCOAPODS: 1.9.0
