// !$*UTF8*$!
{
	archiveVersion = 1;
	classes = {
	};
	objectVersion = 48;
	objects = {

/* Begin PBXBuildFile section */
		243A11E622B46B3900429B09 /* Animation.storyboard in Resources */ = {isa = PBXBuildFile; fileRef = 243A11E522B46B3900429B09 /* Animation.storyboard */; };
		243A11EA22B46B6900429B09 /* GDAnimationAction.m in Sources */ = {isa = PBXBuildFile; fileRef = 243A11E922B46B6900429B09 /* GDAnimationAction.m */; };
		243A11ED22B46CE900429B09 /* GDLoadingView.m in Sources */ = {isa = PBXBuildFile; fileRef = 243A11EC22B46CE900429B09 /* GDLoadingView.m */; };
		243D9B83239F8598003A900D /* File.swift in Sources */ = {isa = PBXBuildFile; fileRef = 243D9B82239F8598003A900D /* File.swift */; };
		243D9B86239F8CAF003A900D /* GDNormalView.m in Sources */ = {isa = PBXBuildFile; fileRef = 243D9B85239F8CAF003A900D /* GDNormalView.m */; };
		244826E2229F63DB00861F97 /* WebKit.framework in Frameworks */ = {isa = PBXBuildFile; fileRef = 244826E1229F63DB00861F97 /* WebKit.framework */; };
		244848D4223CA92100A37FC7 /* UKPageViewController.xib in Resources */ = {isa = PBXBuildFile; fileRef = 244848D3223CA92100A37FC7 /* UKPageViewController.xib */; };
		2461DF37222D677800D4382F /* UKPageViewController.m in Sources */ = {isa = PBXBuildFile; fileRef = 2461DF35222D677800D4382F /* UKPageViewController.m */; };
		247F175B23BCDACF0022E1D9 /* GDUICollectionViewController.m in Sources */ = {isa = PBXBuildFile; fileRef = 247F175A23BCDACF0022E1D9 /* GDUICollectionViewController.m */; };
		248237682292F23500B9DF7B /* GDUIViewAction.m in Sources */ = {isa = PBXBuildFile; fileRef = 248237672292F23500B9DF7B /* GDUIViewAction.m */; };
		248709D82382570F00145E98 /* GDUIHelper.m in Sources */ = {isa = PBXBuildFile; fileRef = 248709D72382570F00145E98 /* GDUIHelper.m */; };
		249DD25221E1EF92009B8781 /* GDDemoView.m in Sources */ = {isa = PBXBuildFile; fileRef = 249DD25121E1EF92009B8781 /* GDDemoView.m */; };
		24C6BD2223C1EAD0008EC844 /* GDFlowLayout.m in Sources */ = {isa = PBXBuildFile; fileRef = 24C6BD2123C1EAD0008EC844 /* GDFlowLayout.m */; };
		24C9F172238A79DD00334431 /* GDAnimationVC.m in Sources */ = {isa = PBXBuildFile; fileRef = 24C9F171238A79DD00334431 /* GDAnimationVC.m */; };
		24DD1F39228B0C49001713EC /* AutoLayout.storyboard in Resources */ = {isa = PBXBuildFile; fileRef = 24DD1F38228B0C49001713EC /* AutoLayout.storyboard */; };
		24E6126923CAC39600B1904D /* UserScript.js in Resources */ = {isa = PBXBuildFile; fileRef = 24E6126823CAC39600B1904D /* UserScript.js */; };
		C532E40E1F889834009E38CA /* AppDelegate.m in Sources */ = {isa = PBXBuildFile; fileRef = C532E40D1F889834009E38CA /* AppDelegate.m */; };
		C532E4161F889834009E38CA /* Assets.xcassets in Resources */ = {isa = PBXBuildFile; fileRef = C532E4151F889834009E38CA /* Assets.xcassets */; };
		C532E4191F889834009E38CA /* LaunchScreen.storyboard in Resources */ = {isa = PBXBuildFile; fileRef = C532E4171F889834009E38CA /* LaunchScreen.storyboard */; };
		C532E41C1F889834009E38CA /* main.m in Sources */ = {isa = PBXBuildFile; fileRef = C532E41B1F889834009E38CA /* main.m */; };
		C5FB165D1F8B998400350055 /* GDWebViewController.m in Sources */ = {isa = PBXBuildFile; fileRef = C5FB165C1F8B998400350055 /* GDWebViewController.m */; };
		C5FB165F1F8B9AAB00350055 /* webview.html in Resources */ = {isa = PBXBuildFile; fileRef = C5FB165E1F8B9AAB00350055 /* webview.html */; };
		CB48BF642F21C6785DDDCC58 /* libPods-UIKitDemo.a in Frameworks */ = {isa = PBXBuildFile; fileRef = CA49D96D5AE1B6C75EC85651 /* libPods-UIKitDemo.a */; };
		CE0E301522966DE900E39428 /* GDViewControllerAction.m in Sources */ = {isa = PBXBuildFile; fileRef = CE0E301422966DE900E39428 /* GDViewControllerAction.m */; };
		CE0E301722966E0200E39428 /* SBViewController.storyboard in Resources */ = {isa = PBXBuildFile; fileRef = CE0E301622966E0200E39428 /* SBViewController.storyboard */; };
		CE18B36122928F5800271B72 /* SBUIControl.storyboard in Resources */ = {isa = PBXBuildFile; fileRef = CE18B36022928F5800271B72 /* SBUIControl.storyboard */; };
		CE18B3642292912000271B72 /* GDControlAction.m in Sources */ = {isa = PBXBuildFile; fileRef = CE18B3632292912000271B72 /* GDControlAction.m */; };
		CE1C0ECC234DB3AD00AB7EAB /* GDSignInWithAppleViewController.m in Sources */ = {isa = PBXBuildFile; fileRef = CE1C0ECA234DB3AD00AB7EAB /* GDSignInWithAppleViewController.m */; };
		CE1C0ECD234DB3AD00AB7EAB /* GDSignInWithAppleViewController.xib in Resources */ = {isa = PBXBuildFile; fileRef = CE1C0ECB234DB3AD00AB7EAB /* GDSignInWithAppleViewController.xib */; };
		CE1C0ED0234DB40100AB7EAB /* GDGeneralAction.m in Sources */ = {isa = PBXBuildFile; fileRef = CE1C0ECF234DB40100AB7EAB /* GDGeneralAction.m */; };
		CE1C0ED2234DB59100AB7EAB /* AuthenticationServices.framework in Frameworks */ = {isa = PBXBuildFile; fileRef = CE1C0ED1234DB59100AB7EAB /* AuthenticationServices.framework */; };
		CE21AC1E229CDB3E0083822A /* GDTest.m in Sources */ = {isa = PBXBuildFile; fileRef = CE21AC1D229CDB3E0083822A /* GDTest.m */; };
		CE2845B82293CCE200E74616 /* SBUIView.storyboard in Resources */ = {isa = PBXBuildFile; fileRef = CE2845B72293CCE200E74616 /* SBUIView.storyboard */; };
		CE46D4CA22C49C5300685E2F /* GDUIButtonViewController.m in Sources */ = {isa = PBXBuildFile; fileRef = CE46D4C922C49C5300685E2F /* GDUIButtonViewController.m */; };
		CE58F63922CB895A00A98A6F /* GDXibTableViewCell.m in Sources */ = {isa = PBXBuildFile; fileRef = CE58F63722CB895A00A98A6F /* GDXibTableViewCell.m */; };
		CE58F63A22CB895A00A98A6F /* GDXibTableViewCell.xib in Resources */ = {isa = PBXBuildFile; fileRef = CE58F63822CB895A00A98A6F /* GDXibTableViewCell.xib */; };
		CE58F64122CC45C000A98A6F /* InterfaceBuilder.storyboard in Resources */ = {isa = PBXBuildFile; fileRef = CE58F64022CC45C000A98A6F /* InterfaceBuilder.storyboard */; };
		CE58F64422CC47C000A98A6F /* GDInterfaceBuildAction.m in Sources */ = {isa = PBXBuildFile; fileRef = CE58F64322CC47C000A98A6F /* GDInterfaceBuildAction.m */; };
		CE9ABD39228BEC9B00115D2C /* PGAutoLayout.m in Sources */ = {isa = PBXBuildFile; fileRef = CE9ABD38228BEC9B00115D2C /* PGAutoLayout.m */; };
		CEA02DB0223B913000157527 /* UKUITextFieldViewController.m in Sources */ = {isa = PBXBuildFile; fileRef = CEA02DAF223B913000157527 /* UKUITextFieldViewController.m */; };
		CEAA13CA2320A310005D1800 /* GDTabBarController.m in Sources */ = {isa = PBXBuildFile; fileRef = CEAA13C92320A310005D1800 /* GDTabBarController.m */; };
		CECEB5E92320B2F4008A4639 /* GDCloseViewController.m in Sources */ = {isa = PBXBuildFile; fileRef = CECEB5E82320B2F4008A4639 /* GDCloseViewController.m */; };
		CED84AD9235ED58D00C1A3BC /* UIKit.framework in Frameworks */ = {isa = PBXBuildFile; fileRef = CED84AD8235ED58D00C1A3BC /* UIKit.framework */; };
		CED84ADB235ED5A200C1A3BC /* QuartzCore.framework in Frameworks */ = {isa = PBXBuildFile; fileRef = CED84ADA235ED5A200C1A3BC /* QuartzCore.framework */; };
		CED84ADE235EDA8400C1A3BC /* GDUIViewController.m in Sources */ = {isa = PBXBuildFile; fileRef = CED84ADD235EDA8400C1A3BC /* GDUIViewController.m */; };
		CEFAAC352316870D000CB2D9 /* GDUILabelInsetViewController.m in Sources */ = {isa = PBXBuildFile; fileRef = CEFAAC342316870D000CB2D9 /* GDUILabelInsetViewController.m */; };
/* End PBXBuildFile section */

/* Begin PBXFileReference section */
		243A11E522B46B3900429B09 /* Animation.storyboard */ = {isa = PBXFileReference; lastKnownFileType = file.storyboard; path = Animation.storyboard; sourceTree = "<group>"; };
		243A11E822B46B6900429B09 /* GDAnimationAction.h */ = {isa = PBXFileReference; lastKnownFileType = sourcecode.c.h; path = GDAnimationAction.h; sourceTree = "<group>"; };
		243A11E922B46B6900429B09 /* GDAnimationAction.m */ = {isa = PBXFileReference; lastKnownFileType = sourcecode.c.objc; path = GDAnimationAction.m; sourceTree = "<group>"; };
		243A11EB22B46CE900429B09 /* GDLoadingView.h */ = {isa = PBXFileReference; lastKnownFileType = sourcecode.c.h; path = GDLoadingView.h; sourceTree = "<group>"; };
		243A11EC22B46CE900429B09 /* GDLoadingView.m */ = {isa = PBXFileReference; lastKnownFileType = sourcecode.c.objc; path = GDLoadingView.m; sourceTree = "<group>"; };
		243D9B81239F8598003A900D /* UIKitDemo-Bridging-Header.h */ = {isa = PBXFileReference; lastKnownFileType = sourcecode.c.h; path = "UIKitDemo-Bridging-Header.h"; sourceTree = "<group>"; };
		243D9B82239F8598003A900D /* File.swift */ = {isa = PBXFileReference; lastKnownFileType = sourcecode.swift; path = File.swift; sourceTree = "<group>"; };
		243D9B84239F8CAF003A900D /* GDNormalView.h */ = {isa = PBXFileReference; lastKnownFileType = sourcecode.c.h; path = GDNormalView.h; sourceTree = "<group>"; };
		243D9B85239F8CAF003A900D /* GDNormalView.m */ = {isa = PBXFileReference; lastKnownFileType = sourcecode.c.objc; path = GDNormalView.m; sourceTree = "<group>"; };
		244826E1229F63DB00861F97 /* WebKit.framework */ = {isa = PBXFileReference; lastKnownFileType = wrapper.framework; name = WebKit.framework; path = System/Library/Frameworks/WebKit.framework; sourceTree = SDKROOT; };
		244848D3223CA92100A37FC7 /* UKPageViewController.xib */ = {isa = PBXFileReference; lastKnownFileType = file.xib; path = UKPageViewController.xib; sourceTree = "<group>"; };
		2461DF34222D677800D4382F /* UKPageViewController.h */ = {isa = PBXFileReference; lastKnownFileType = sourcecode.c.h; path = UKPageViewController.h; sourceTree = "<group>"; };
		2461DF35222D677800D4382F /* UKPageViewController.m */ = {isa = PBXFileReference; lastKnownFileType = sourcecode.c.objc; path = UKPageViewController.m; sourceTree = "<group>"; };
		247F175923BCDACF0022E1D9 /* GDUICollectionViewController.h */ = {isa = PBXFileReference; lastKnownFileType = sourcecode.c.h; path = GDUICollectionViewController.h; sourceTree = "<group>"; };
		247F175A23BCDACF0022E1D9 /* GDUICollectionViewController.m */ = {isa = PBXFileReference; lastKnownFileType = sourcecode.c.objc; path = GDUICollectionViewController.m; sourceTree = "<group>"; };
		248237662292F23500B9DF7B /* GDUIViewAction.h */ = {isa = PBXFileReference; lastKnownFileType = sourcecode.c.h; path = GDUIViewAction.h; sourceTree = "<group>"; };
		248237672292F23500B9DF7B /* GDUIViewAction.m */ = {isa = PBXFileReference; lastKnownFileType = sourcecode.c.objc; path = GDUIViewAction.m; sourceTree = "<group>"; };
		248709D62382570F00145E98 /* GDUIHelper.h */ = {isa = PBXFileReference; lastKnownFileType = sourcecode.c.h; path = GDUIHelper.h; sourceTree = "<group>"; };
		248709D72382570F00145E98 /* GDUIHelper.m */ = {isa = PBXFileReference; lastKnownFileType = sourcecode.c.objc; path = GDUIHelper.m; sourceTree = "<group>"; };
		249DD25021E1EF92009B8781 /* GDDemoView.h */ = {isa = PBXFileReference; lastKnownFileType = sourcecode.c.h; path = GDDemoView.h; sourceTree = "<group>"; };
		249DD25121E1EF92009B8781 /* GDDemoView.m */ = {isa = PBXFileReference; lastKnownFileType = sourcecode.c.objc; path = GDDemoView.m; sourceTree = "<group>"; };
		24C6BD2023C1EAD0008EC844 /* GDFlowLayout.h */ = {isa = PBXFileReference; lastKnownFileType = sourcecode.c.h; path = GDFlowLayout.h; sourceTree = "<group>"; };
		24C6BD2123C1EAD0008EC844 /* GDFlowLayout.m */ = {isa = PBXFileReference; lastKnownFileType = sourcecode.c.objc; path = GDFlowLayout.m; sourceTree = "<group>"; };
		24C9F170238A79DD00334431 /* GDAnimationVC.h */ = {isa = PBXFileReference; lastKnownFileType = sourcecode.c.h; path = GDAnimationVC.h; sourceTree = "<group>"; };
		24C9F171238A79DD00334431 /* GDAnimationVC.m */ = {isa = PBXFileReference; lastKnownFileType = sourcecode.c.objc; path = GDAnimationVC.m; sourceTree = "<group>"; };
		24DD1F38228B0C49001713EC /* AutoLayout.storyboard */ = {isa = PBXFileReference; lastKnownFileType = file.storyboard; path = AutoLayout.storyboard; sourceTree = "<group>"; };
		24E6126823CAC39600B1904D /* UserScript.js */ = {isa = PBXFileReference; lastKnownFileType = sourcecode.javascript; path = UserScript.js; sourceTree = "<group>"; };
		4A930E0F8616DF53E22A0A59 /* Pods-UIKitDemo.debug.xcconfig */ = {isa = PBXFileReference; includeInIndex = 1; lastKnownFileType = text.xcconfig; name = "Pods-UIKitDemo.debug.xcconfig"; path = "Target Support Files/Pods-UIKitDemo/Pods-UIKitDemo.debug.xcconfig"; sourceTree = "<group>"; };
		C532E4091F889834009E38CA /* UIKitDemo.app */ = {isa = PBXFileReference; explicitFileType = wrapper.application; includeInIndex = 0; path = UIKitDemo.app; sourceTree = BUILT_PRODUCTS_DIR; };
		C532E40C1F889834009E38CA /* AppDelegate.h */ = {isa = PBXFileReference; lastKnownFileType = sourcecode.c.h; path = AppDelegate.h; sourceTree = "<group>"; };
		C532E40D1F889834009E38CA /* AppDelegate.m */ = {isa = PBXFileReference; lastKnownFileType = sourcecode.c.objc; path = AppDelegate.m; sourceTree = "<group>"; };
		C532E4151F889834009E38CA /* Assets.xcassets */ = {isa = PBXFileReference; lastKnownFileType = folder.assetcatalog; path = Assets.xcassets; sourceTree = "<group>"; };
		C532E4181F889834009E38CA /* Base */ = {isa = PBXFileReference; lastKnownFileType = file.storyboard; name = Base; path = Base.lproj/LaunchScreen.storyboard; sourceTree = "<group>"; };
		C532E41A1F889834009E38CA /* Info.plist */ = {isa = PBXFileReference; lastKnownFileType = text.plist.xml; path = Info.plist; sourceTree = "<group>"; };
		C532E41B1F889834009E38CA /* main.m */ = {isa = PBXFileReference; lastKnownFileType = sourcecode.c.objc; path = main.m; sourceTree = "<group>"; };
		C5ECF4DD1F89D84500CECF8B /* Header.pch */ = {isa = PBXFileReference; fileEncoding = 4; lastKnownFileType = sourcecode.c.h; path = Header.pch; sourceTree = "<group>"; };
		C5ECF4DF1F8A0BE800CECF8B /* AddressBook.framework */ = {isa = PBXFileReference; lastKnownFileType = wrapper.framework; name = AddressBook.framework; path = System/Library/Frameworks/AddressBook.framework; sourceTree = SDKROOT; };
		C5FB165B1F8B998400350055 /* GDWebViewController.h */ = {isa = PBXFileReference; lastKnownFileType = sourcecode.c.h; path = GDWebViewController.h; sourceTree = "<group>"; };
		C5FB165C1F8B998400350055 /* GDWebViewController.m */ = {isa = PBXFileReference; lastKnownFileType = sourcecode.c.objc; path = GDWebViewController.m; sourceTree = "<group>"; };
		C5FB165E1F8B9AAB00350055 /* webview.html */ = {isa = PBXFileReference; lastKnownFileType = text.html; path = webview.html; sourceTree = "<group>"; };
		CA49D96D5AE1B6C75EC85651 /* libPods-UIKitDemo.a */ = {isa = PBXFileReference; explicitFileType = archive.ar; includeInIndex = 0; path = "libPods-UIKitDemo.a"; sourceTree = BUILT_PRODUCTS_DIR; };
		CE0E301322966DE900E39428 /* GDViewControllerAction.h */ = {isa = PBXFileReference; lastKnownFileType = sourcecode.c.h; path = GDViewControllerAction.h; sourceTree = "<group>"; };
		CE0E301422966DE900E39428 /* GDViewControllerAction.m */ = {isa = PBXFileReference; lastKnownFileType = sourcecode.c.objc; path = GDViewControllerAction.m; sourceTree = "<group>"; };
		CE0E301622966E0200E39428 /* SBViewController.storyboard */ = {isa = PBXFileReference; lastKnownFileType = file.storyboard; path = SBViewController.storyboard; sourceTree = "<group>"; };
		CE18B36022928F5800271B72 /* SBUIControl.storyboard */ = {isa = PBXFileReference; lastKnownFileType = file.storyboard; path = SBUIControl.storyboard; sourceTree = "<group>"; };
		CE18B3622292912000271B72 /* GDControlAction.h */ = {isa = PBXFileReference; lastKnownFileType = sourcecode.c.h; path = GDControlAction.h; sourceTree = "<group>"; };
		CE18B3632292912000271B72 /* GDControlAction.m */ = {isa = PBXFileReference; lastKnownFileType = sourcecode.c.objc; path = GDControlAction.m; sourceTree = "<group>"; };
		CE1C0EC9234DB3AD00AB7EAB /* GDSignInWithAppleViewController.h */ = {isa = PBXFileReference; lastKnownFileType = sourcecode.c.h; path = GDSignInWithAppleViewController.h; sourceTree = "<group>"; };
		CE1C0ECA234DB3AD00AB7EAB /* GDSignInWithAppleViewController.m */ = {isa = PBXFileReference; lastKnownFileType = sourcecode.c.objc; path = GDSignInWithAppleViewController.m; sourceTree = "<group>"; };
		CE1C0ECB234DB3AD00AB7EAB /* GDSignInWithAppleViewController.xib */ = {isa = PBXFileReference; lastKnownFileType = file.xib; path = GDSignInWithAppleViewController.xib; sourceTree = "<group>"; };
		CE1C0ECE234DB40100AB7EAB /* GDGeneralAction.h */ = {isa = PBXFileReference; lastKnownFileType = sourcecode.c.h; path = GDGeneralAction.h; sourceTree = "<group>"; };
		CE1C0ECF234DB40100AB7EAB /* GDGeneralAction.m */ = {isa = PBXFileReference; lastKnownFileType = sourcecode.c.objc; path = GDGeneralAction.m; sourceTree = "<group>"; };
		CE1C0ED1234DB59100AB7EAB /* AuthenticationServices.framework */ = {isa = PBXFileReference; lastKnownFileType = wrapper.framework; name = AuthenticationServices.framework; path = System/Library/Frameworks/AuthenticationServices.framework; sourceTree = SDKROOT; };
		CE1C0ED3234DB68800AB7EAB /* UIKitDemo.entitlements */ = {isa = PBXFileReference; lastKnownFileType = text.plist.entitlements; path = UIKitDemo.entitlements; sourceTree = "<group>"; };
		CE21AC1C229CDB3E0083822A /* GDTest.h */ = {isa = PBXFileReference; lastKnownFileType = sourcecode.c.h; path = GDTest.h; sourceTree = "<group>"; };
		CE21AC1D229CDB3E0083822A /* GDTest.m */ = {isa = PBXFileReference; lastKnownFileType = sourcecode.c.objc; path = GDTest.m; sourceTree = "<group>"; };
		CE2845B72293CCE200E74616 /* SBUIView.storyboard */ = {isa = PBXFileReference; lastKnownFileType = file.storyboard; path = SBUIView.storyboard; sourceTree = "<group>"; };
		CE46D4C822C49C5300685E2F /* GDUIButtonViewController.h */ = {isa = PBXFileReference; lastKnownFileType = sourcecode.c.h; path = GDUIButtonViewController.h; sourceTree = "<group>"; };
		CE46D4C922C49C5300685E2F /* GDUIButtonViewController.m */ = {isa = PBXFileReference; lastKnownFileType = sourcecode.c.objc; path = GDUIButtonViewController.m; sourceTree = "<group>"; };
		CE58F63622CB895A00A98A6F /* GDXibTableViewCell.h */ = {isa = PBXFileReference; lastKnownFileType = sourcecode.c.h; path = GDXibTableViewCell.h; sourceTree = "<group>"; };
		CE58F63722CB895A00A98A6F /* GDXibTableViewCell.m */ = {isa = PBXFileReference; lastKnownFileType = sourcecode.c.objc; path = GDXibTableViewCell.m; sourceTree = "<group>"; };
		CE58F63822CB895A00A98A6F /* GDXibTableViewCell.xib */ = {isa = PBXFileReference; lastKnownFileType = file.xib; path = GDXibTableViewCell.xib; sourceTree = "<group>"; };
		CE58F64022CC45C000A98A6F /* InterfaceBuilder.storyboard */ = {isa = PBXFileReference; lastKnownFileType = file.storyboard; path = InterfaceBuilder.storyboard; sourceTree = "<group>"; };
		CE58F64222CC47C000A98A6F /* GDInterfaceBuildAction.h */ = {isa = PBXFileReference; lastKnownFileType = sourcecode.c.h; path = GDInterfaceBuildAction.h; sourceTree = "<group>"; };
		CE58F64322CC47C000A98A6F /* GDInterfaceBuildAction.m */ = {isa = PBXFileReference; lastKnownFileType = sourcecode.c.objc; path = GDInterfaceBuildAction.m; sourceTree = "<group>"; };
		CE9ABD37228BEC9B00115D2C /* PGAutoLayout.h */ = {isa = PBXFileReference; lastKnownFileType = sourcecode.c.h; path = PGAutoLayout.h; sourceTree = "<group>"; };
		CE9ABD38228BEC9B00115D2C /* PGAutoLayout.m */ = {isa = PBXFileReference; lastKnownFileType = sourcecode.c.objc; path = PGAutoLayout.m; sourceTree = "<group>"; };
		CEA02DAE223B913000157527 /* UKUITextFieldViewController.h */ = {isa = PBXFileReference; lastKnownFileType = sourcecode.c.h; path = UKUITextFieldViewController.h; sourceTree = "<group>"; };
		CEA02DAF223B913000157527 /* UKUITextFieldViewController.m */ = {isa = PBXFileReference; lastKnownFileType = sourcecode.c.objc; path = UKUITextFieldViewController.m; sourceTree = "<group>"; };
		CEAA13C82320A310005D1800 /* GDTabBarController.h */ = {isa = PBXFileReference; lastKnownFileType = sourcecode.c.h; path = GDTabBarController.h; sourceTree = "<group>"; };
		CEAA13C92320A310005D1800 /* GDTabBarController.m */ = {isa = PBXFileReference; lastKnownFileType = sourcecode.c.objc; path = GDTabBarController.m; sourceTree = "<group>"; };
		CECEB5E72320B2F4008A4639 /* GDCloseViewController.h */ = {isa = PBXFileReference; lastKnownFileType = sourcecode.c.h; path = GDCloseViewController.h; sourceTree = "<group>"; };
		CECEB5E82320B2F4008A4639 /* GDCloseViewController.m */ = {isa = PBXFileReference; lastKnownFileType = sourcecode.c.objc; path = GDCloseViewController.m; sourceTree = "<group>"; };
		CED84AD8235ED58D00C1A3BC /* UIKit.framework */ = {isa = PBXFileReference; lastKnownFileType = wrapper.framework; name = UIKit.framework; path = System/Library/Frameworks/UIKit.framework; sourceTree = SDKROOT; };
		CED84ADA235ED5A200C1A3BC /* QuartzCore.framework */ = {isa = PBXFileReference; lastKnownFileType = wrapper.framework; name = QuartzCore.framework; path = System/Library/Frameworks/QuartzCore.framework; sourceTree = SDKROOT; };
		CED84ADC235EDA8400C1A3BC /* GDUIViewController.h */ = {isa = PBXFileReference; lastKnownFileType = sourcecode.c.h; path = GDUIViewController.h; sourceTree = "<group>"; };
		CED84ADD235EDA8400C1A3BC /* GDUIViewController.m */ = {isa = PBXFileReference; lastKnownFileType = sourcecode.c.objc; path = GDUIViewController.m; sourceTree = "<group>"; };
		CEFAAC332316870D000CB2D9 /* GDUILabelInsetViewController.h */ = {isa = PBXFileReference; lastKnownFileType = sourcecode.c.h; path = GDUILabelInsetViewController.h; sourceTree = "<group>"; };
		CEFAAC342316870D000CB2D9 /* GDUILabelInsetViewController.m */ = {isa = PBXFileReference; lastKnownFileType = sourcecode.c.objc; path = GDUILabelInsetViewController.m; sourceTree = "<group>"; };
		CF3D4B675A048E20C5C582EC /* Pods-UIKitDemo.release.xcconfig */ = {isa = PBXFileReference; includeInIndex = 1; lastKnownFileType = text.xcconfig; name = "Pods-UIKitDemo.release.xcconfig"; path = "Target Support Files/Pods-UIKitDemo/Pods-UIKitDemo.release.xcconfig"; sourceTree = "<group>"; };
/* End PBXFileReference section */

/* Begin PBXFrameworksBuildPhase section */
		C532E4061F889834009E38CA /* Frameworks */ = {
			isa = PBXFrameworksBuildPhase;
			buildActionMask = 2147483647;
			files = (
				CED84ADB235ED5A200C1A3BC /* QuartzCore.framework in Frameworks */,
				CE1C0ED2234DB59100AB7EAB /* AuthenticationServices.framework in Frameworks */,
				CED84AD9235ED58D00C1A3BC /* UIKit.framework in Frameworks */,
				244826E2229F63DB00861F97 /* WebKit.framework in Frameworks */,
				CB48BF642F21C6785DDDCC58 /* libPods-UIKitDemo.a in Frameworks */,
			);
			runOnlyForDeploymentPostprocessing = 0;
		};
/* End PBXFrameworksBuildPhase section */

/* Begin PBXGroup section */
		243A11E422B46B2B00429B09 /* Animation */ = {
			isa = PBXGroup;
			children = (
				243A11E522B46B3900429B09 /* Animation.storyboard */,
				243A11E822B46B6900429B09 /* GDAnimationAction.h */,
				243A11E922B46B6900429B09 /* GDAnimationAction.m */,
				24C9F170238A79DD00334431 /* GDAnimationVC.h */,
				24C9F171238A79DD00334431 /* GDAnimationVC.m */,
				243A11E722B46B5100429B09 /* Loading */,
			);
			path = Animation;
			sourceTree = "<group>";
		};
		243A11E722B46B5100429B09 /* Loading */ = {
			isa = PBXGroup;
			children = (
				243A11EB22B46CE900429B09 /* GDLoadingView.h */,
				243A11EC22B46CE900429B09 /* GDLoadingView.m */,
				243D9B84239F8CAF003A900D /* GDNormalView.h */,
				243D9B85239F8CAF003A900D /* GDNormalView.m */,
			);
			path = Loading;
			sourceTree = "<group>";
		};
		2461DF2E222D659E00D4382F /* UIPageViewController */ = {
			isa = PBXGroup;
			children = (
				2461DF34222D677800D4382F /* UKPageViewController.h */,
				2461DF35222D677800D4382F /* UKPageViewController.m */,
				244848D3223CA92100A37FC7 /* UKPageViewController.xib */,
			);
			path = UIPageViewController;
			sourceTree = "<group>";
		};
		247F175823BCDAB30022E1D9 /* UIScrollView */ = {
			isa = PBXGroup;
			children = (
				247F175923BCDACF0022E1D9 /* GDUICollectionViewController.h */,
				247F175A23BCDACF0022E1D9 /* GDUICollectionViewController.m */,
				24C6BD2023C1EAD0008EC844 /* GDFlowLayout.h */,
				24C6BD2123C1EAD0008EC844 /* GDFlowLayout.m */,
			);
			path = UIScrollView;
			sourceTree = "<group>";
		};
		249DD24E21E1EF1F009B8781 /* UIKit */ = {
			isa = PBXGroup;
			children = (
				CE1C0EC8234DB35A00AB7EAB /* SIWA */,
				CE58F63022CB88D900A98A6F /* Xib */,
				CE0E301222966DC500E39428 /* UIViewController */,
				CEA02DAD223B90D400157527 /* UIControl */,
				249DD24F21E1EF2D009B8781 /* UIView */,
				CE1C0ECE234DB40100AB7EAB /* GDGeneralAction.h */,
				CE1C0ECF234DB40100AB7EAB /* GDGeneralAction.m */,
			);
			path = UIKit;
			sourceTree = "<group>";
		};
		249DD24F21E1EF2D009B8781 /* UIView */ = {
			isa = PBXGroup;
			children = (
				247F175823BCDAB30022E1D9 /* UIScrollView */,
				CE2845B72293CCE200E74616 /* SBUIView.storyboard */,
				CEFAAC332316870D000CB2D9 /* GDUILabelInsetViewController.h */,
				CEFAAC342316870D000CB2D9 /* GDUILabelInsetViewController.m */,
				CED84ADC235EDA8400C1A3BC /* GDUIViewController.h */,
				CED84ADD235EDA8400C1A3BC /* GDUIViewController.m */,
				248237662292F23500B9DF7B /* GDUIViewAction.h */,
				248237672292F23500B9DF7B /* GDUIViewAction.m */,
				249DD25021E1EF92009B8781 /* GDDemoView.h */,
				249DD25121E1EF92009B8781 /* GDDemoView.m */,
				C5FB165A1F8B997B00350055 /* WKWebView */,
			);
			path = UIView;
			sourceTree = "<group>";
		};
		466F49CD5221695EF44A6D87 /* Pods */ = {
			isa = PBXGroup;
			children = (
				4A930E0F8616DF53E22A0A59 /* Pods-UIKitDemo.debug.xcconfig */,
				CF3D4B675A048E20C5C582EC /* Pods-UIKitDemo.release.xcconfig */,
			);
			path = Pods;
			sourceTree = "<group>";
		};
		C532E4001F889834009E38CA = {
			isa = PBXGroup;
			children = (
				CE1C0ED3234DB68800AB7EAB /* UIKitDemo.entitlements */,
				C532E40B1F889834009E38CA /* Example */,
				C532E40A1F889834009E38CA /* Products */,
				C5ECF4DE1F8A0BE800CECF8B /* Frameworks */,
				466F49CD5221695EF44A6D87 /* Pods */,
			);
			sourceTree = "<group>";
		};
		C532E40A1F889834009E38CA /* Products */ = {
			isa = PBXGroup;
			children = (
				C532E4091F889834009E38CA /* UIKitDemo.app */,
			);
			name = Products;
			sourceTree = "<group>";
		};
		C532E40B1F889834009E38CA /* Example */ = {
			isa = PBXGroup;
			children = (
				249DD24E21E1EF1F009B8781 /* UIKit */,
				CE861DF421762F19009927A8 /* Autolayout */,
				243A11E422B46B2B00429B09 /* Animation */,
				C532E40C1F889834009E38CA /* AppDelegate.h */,
				C532E40D1F889834009E38CA /* AppDelegate.m */,
				C532E4151F889834009E38CA /* Assets.xcassets */,
				C532E4171F889834009E38CA /* LaunchScreen.storyboard */,
				C5ECF4DC1F89D82800CECF8B /* Support File */,
				CE21AC1C229CDB3E0083822A /* GDTest.h */,
				CE21AC1D229CDB3E0083822A /* GDTest.m */,
				248709D62382570F00145E98 /* GDUIHelper.h */,
				248709D72382570F00145E98 /* GDUIHelper.m */,
				243D9B82239F8598003A900D /* File.swift */,
				243D9B81239F8598003A900D /* UIKitDemo-Bridging-Header.h */,
			);
			path = Example;
			sourceTree = "<group>";
		};
		C5ECF4DC1F89D82800CECF8B /* Support File */ = {
			isa = PBXGroup;
			children = (
				C532E41B1F889834009E38CA /* main.m */,
				C532E41A1F889834009E38CA /* Info.plist */,
				C5ECF4DD1F89D84500CECF8B /* Header.pch */,
			);
			name = "Support File";
			sourceTree = "<group>";
		};
		C5ECF4DE1F8A0BE800CECF8B /* Frameworks */ = {
			isa = PBXGroup;
			children = (
				CED84ADA235ED5A200C1A3BC /* QuartzCore.framework */,
				CED84AD8235ED58D00C1A3BC /* UIKit.framework */,
				CE1C0ED1234DB59100AB7EAB /* AuthenticationServices.framework */,
				244826E1229F63DB00861F97 /* WebKit.framework */,
				C5ECF4DF1F8A0BE800CECF8B /* AddressBook.framework */,
				CA49D96D5AE1B6C75EC85651 /* libPods-UIKitDemo.a */,
			);
			name = Frameworks;
			sourceTree = "<group>";
		};
		C5FB165A1F8B997B00350055 /* WKWebView */ = {
			isa = PBXGroup;
			children = (
				C5FB165B1F8B998400350055 /* GDWebViewController.h */,
				C5FB165C1F8B998400350055 /* GDWebViewController.m */,
				C5FB165E1F8B9AAB00350055 /* webview.html */,
				24E6126823CAC39600B1904D /* UserScript.js */,
			);
			path = WKWebView;
			sourceTree = "<group>";
		};
		CE0E301222966DC500E39428 /* UIViewController */ = {
			isa = PBXGroup;
			children = (
				2461DF2E222D659E00D4382F /* UIPageViewController */,
				CE0E301322966DE900E39428 /* GDViewControllerAction.h */,
				CE0E301422966DE900E39428 /* GDViewControllerAction.m */,
				CE0E301622966E0200E39428 /* SBViewController.storyboard */,
				CEAA13C82320A310005D1800 /* GDTabBarController.h */,
				CEAA13C92320A310005D1800 /* GDTabBarController.m */,
				CECEB5E72320B2F4008A4639 /* GDCloseViewController.h */,
				CECEB5E82320B2F4008A4639 /* GDCloseViewController.m */,
			);
			path = UIViewController;
			sourceTree = "<group>";
		};
		CE1C0EC8234DB35A00AB7EAB /* SIWA */ = {
			isa = PBXGroup;
			children = (
				CE1C0EC9234DB3AD00AB7EAB /* GDSignInWithAppleViewController.h */,
				CE1C0ECA234DB3AD00AB7EAB /* GDSignInWithAppleViewController.m */,
				CE1C0ECB234DB3AD00AB7EAB /* GDSignInWithAppleViewController.xib */,
			);
			path = SIWA;
			sourceTree = "<group>";
		};
		CE58F63022CB88D900A98A6F /* Xib */ = {
			isa = PBXGroup;
			children = (
				CE58F64022CC45C000A98A6F /* InterfaceBuilder.storyboard */,
				CE58F63622CB895A00A98A6F /* GDXibTableViewCell.h */,
				CE58F63722CB895A00A98A6F /* GDXibTableViewCell.m */,
				CE58F63822CB895A00A98A6F /* GDXibTableViewCell.xib */,
				CE58F64222CC47C000A98A6F /* GDInterfaceBuildAction.h */,
				CE58F64322CC47C000A98A6F /* GDInterfaceBuildAction.m */,
			);
			path = Xib;
			sourceTree = "<group>";
		};
		CE861DF421762F19009927A8 /* Autolayout */ = {
			isa = PBXGroup;
			children = (
				24DD1F38228B0C49001713EC /* AutoLayout.storyboard */,
				CE9ABD37228BEC9B00115D2C /* PGAutoLayout.h */,
				CE9ABD38228BEC9B00115D2C /* PGAutoLayout.m */,
			);
			path = Autolayout;
			sourceTree = "<group>";
		};
		CEA02DAC223B909C00157527 /* UITextField */ = {
			isa = PBXGroup;
			children = (
				CEA02DAE223B913000157527 /* UKUITextFieldViewController.h */,
				CEA02DAF223B913000157527 /* UKUITextFieldViewController.m */,
			);
			path = UITextField;
			sourceTree = "<group>";
		};
		CEA02DAD223B90D400157527 /* UIControl */ = {
			isa = PBXGroup;
			children = (
				CE18B36022928F5800271B72 /* SBUIControl.storyboard */,
				CE18B3622292912000271B72 /* GDControlAction.h */,
				CE18B3632292912000271B72 /* GDControlAction.m */,
				CEA02DAC223B909C00157527 /* UITextField */,
				CE46D4C822C49C5300685E2F /* GDUIButtonViewController.h */,
				CE46D4C922C49C5300685E2F /* GDUIButtonViewController.m */,
			);
			path = UIControl;
			sourceTree = "<group>";
		};
/* End PBXGroup section */

/* Begin PBXNativeTarget section */
		C532E4081F889834009E38CA /* UIKitDemo */ = {
			isa = PBXNativeTarget;
			buildConfigurationList = C532E41F1F889834009E38CA /* Build configuration list for PBXNativeTarget "UIKitDemo" */;
			buildPhases = (
				F83DD5BF889A053F57E1554B /* [CP] Check Pods Manifest.lock */,
				C532E4051F889834009E38CA /* Sources */,
				C532E4061F889834009E38CA /* Frameworks */,
				C532E4071F889834009E38CA /* Resources */,
				7C99E90B1A3B121573F9C8D4 /* [Peregrine] Generator Routing Table */,
				D4354FE2F418808C7863B09A /* [CP] Copy Pods Resources */,
			);
			buildRules = (
			);
			dependencies = (
			);
			name = UIKitDemo;
			productName = iOSGuide;
			productReference = C532E4091F889834009E38CA /* UIKitDemo.app */;
			productType = "com.apple.product-type.application";
		};
/* End PBXNativeTarget section */

/* Begin PBXProject section */
		C532E4011F889834009E38CA /* Project object */ = {
			isa = PBXProject;
			attributes = {
				CLASSPREFIX = GD;
				LastUpgradeCheck = 0940;
				ORGANIZATIONNAME = BinaryParadise;
				TargetAttributes = {
					C532E4081F889834009E38CA = {
						CreatedOnToolsVersion = 9.0;
						LastSwiftMigration = 1010;
						ProvisioningStyle = Automatic;
					};
				};
			};
			buildConfigurationList = C532E4041F889834009E38CA /* Build configuration list for PBXProject "UIKitDemo" */;
			compatibilityVersion = "Xcode 8.0";
			developmentRegion = en;
			hasScannedForEncodings = 0;
			knownRegions = (
				en,
				Base,
			);
			mainGroup = C532E4001F889834009E38CA;
			productRefGroup = C532E40A1F889834009E38CA /* Products */;
			projectDirPath = "";
			projectRoot = "";
			targets = (
				C532E4081F889834009E38CA /* UIKitDemo */,
			);
		};
/* End PBXProject section */

/* Begin PBXResourcesBuildPhase section */
		C532E4071F889834009E38CA /* Resources */ = {
			isa = PBXResourcesBuildPhase;
			buildActionMask = 2147483647;
			files = (
				CE2845B82293CCE200E74616 /* SBUIView.storyboard in Resources */,
				CE18B36122928F5800271B72 /* SBUIControl.storyboard in Resources */,
				C5FB165F1F8B9AAB00350055 /* webview.html in Resources */,
				CE58F63A22CB895A00A98A6F /* GDXibTableViewCell.xib in Resources */,
				C532E4191F889834009E38CA /* LaunchScreen.storyboard in Resources */,
				C532E4161F889834009E38CA /* Assets.xcassets in Resources */,
				24E6126923CAC39600B1904D /* UserScript.js in Resources */,
				CE58F64122CC45C000A98A6F /* InterfaceBuilder.storyboard in Resources */,
				CE0E301722966E0200E39428 /* SBViewController.storyboard in Resources */,
				CE1C0ECD234DB3AD00AB7EAB /* GDSignInWithAppleViewController.xib in Resources */,
				244848D4223CA92100A37FC7 /* UKPageViewController.xib in Resources */,
				24DD1F39228B0C49001713EC /* AutoLayout.storyboard in Resources */,
				243A11E622B46B3900429B09 /* Animation.storyboard in Resources */,
			);
			runOnlyForDeploymentPostprocessing = 0;
		};
/* End PBXResourcesBuildPhase section */

/* Begin PBXShellScriptBuildPhase section */
		7C99E90B1A3B121573F9C8D4 /* [Peregrine] Generator Routing Table */ = {
			isa = PBXShellScriptBuildPhase;
			buildActionMask = 2147483647;
			files = (
			);
			inputFileListPaths = (
			);
			inputPaths = (
			);
			name = "[Peregrine] Generator Routing Table";
			outputFileListPaths = (
			);
			outputPaths = (
			);
			runOnlyForDeploymentPostprocessing = 0;
			shellPath = /bin/sh;
			shellScript = "export LANG=en_US.UTF-8 export LANGUAGE=en_US.UTF-8 export LC_ALL=en_US.UTF-8 export PG_VERSION=0.6.3 \nruby ${PODS_ROOT}/Peregrine/Peregrine/PGGenerator.rb";
		};
		D4354FE2F418808C7863B09A /* [CP] Copy Pods Resources */ = {
			isa = PBXShellScriptBuildPhase;
			buildActionMask = 2147483647;
			files = (
			);
			inputPaths = (
				"${PODS_ROOT}/Target Support Files/Pods-UIKitDemo/Pods-UIKitDemo-resources.sh",
				"${PODS_ROOT}/MJRefresh/MJRefresh/MJRefresh.bundle",
				"${PODS_CONFIGURATION_BUILD_DIR}/NLRouterAction/NLRouterAction.bundle",
				"${PODS_ROOT}/SAMKeychain/Support/SAMKeychain.bundle",
			);
			name = "[CP] Copy Pods Resources";
			outputPaths = (
				"${TARGET_BUILD_DIR}/${UNLOCALIZED_RESOURCES_FOLDER_PATH}/MJRefresh.bundle",
				"${TARGET_BUILD_DIR}/${UNLOCALIZED_RESOURCES_FOLDER_PATH}/NLRouterAction.bundle",
				"${TARGET_BUILD_DIR}/${UNLOCALIZED_RESOURCES_FOLDER_PATH}/SAMKeychain.bundle",
			);
			runOnlyForDeploymentPostprocessing = 0;
			shellPath = /bin/sh;
			shellScript = "\"${PODS_ROOT}/Target Support Files/Pods-UIKitDemo/Pods-UIKitDemo-resources.sh\"\n";
			showEnvVarsInLog = 0;
		};
		F83DD5BF889A053F57E1554B /* [CP] Check Pods Manifest.lock */ = {
			isa = PBXShellScriptBuildPhase;
			buildActionMask = 2147483647;
			files = (
			);
			inputFileListPaths = (
			);
			inputPaths = (
				"${PODS_PODFILE_DIR_PATH}/Podfile.lock",
				"${PODS_ROOT}/Manifest.lock",
			);
			name = "[CP] Check Pods Manifest.lock";
			outputFileListPaths = (
			);
			outputPaths = (
				"$(DERIVED_FILE_DIR)/Pods-UIKitDemo-checkManifestLockResult.txt",
			);
			runOnlyForDeploymentPostprocessing = 0;
			shellPath = /bin/sh;
			shellScript = "diff \"${PODS_PODFILE_DIR_PATH}/Podfile.lock\" \"${PODS_ROOT}/Manifest.lock\" > /dev/null\nif [ $? != 0 ] ; then\n    # print error to STDERR\n    echo \"error: The sandbox is not in sync with the Podfile.lock. Run 'pod install' or update your CocoaPods installation.\" >&2\n    exit 1\nfi\n# This output is used by Xcode 'outputs' to avoid re-running this script phase.\necho \"SUCCESS\" > \"${SCRIPT_OUTPUT_FILE_0}\"\n";
			showEnvVarsInLog = 0;
		};
/* End PBXShellScriptBuildPhase section */

/* Begin PBXSourcesBuildPhase section */
		C532E4051F889834009E38CA /* Sources */ = {
			isa = PBXSourcesBuildPhase;
			buildActionMask = 2147483647;
			files = (
				243D9B83239F8598003A900D /* File.swift in Sources */,
				C5FB165D1F8B998400350055 /* GDWebViewController.m in Sources */,
				CE1C0ED0234DB40100AB7EAB /* GDGeneralAction.m in Sources */,
				CEA02DB0223B913000157527 /* UKUITextFieldViewController.m in Sources */,
				CE18B3642292912000271B72 /* GDControlAction.m in Sources */,
				CE21AC1E229CDB3E0083822A /* GDTest.m in Sources */,
				248709D82382570F00145E98 /* GDUIHelper.m in Sources */,
				CED84ADE235EDA8400C1A3BC /* GDUIViewController.m in Sources */,
				CE46D4CA22C49C5300685E2F /* GDUIButtonViewController.m in Sources */,
				CE58F64422CC47C000A98A6F /* GDInterfaceBuildAction.m in Sources */,
				C532E41C1F889834009E38CA /* main.m in Sources */,
				2461DF37222D677800D4382F /* UKPageViewController.m in Sources */,
				CE9ABD39228BEC9B00115D2C /* PGAutoLayout.m in Sources */,
				CE58F63922CB895A00A98A6F /* GDXibTableViewCell.m in Sources */,
				243A11EA22B46B6900429B09 /* GDAnimationAction.m in Sources */,
				C532E40E1F889834009E38CA /* AppDelegate.m in Sources */,
				CE1C0ECC234DB3AD00AB7EAB /* GDSignInWithAppleViewController.m in Sources */,
				CECEB5E92320B2F4008A4639 /* GDCloseViewController.m in Sources */,
				24C6BD2223C1EAD0008EC844 /* GDFlowLayout.m in Sources */,
				CEFAAC352316870D000CB2D9 /* GDUILabelInsetViewController.m in Sources */,
				247F175B23BCDACF0022E1D9 /* GDUICollectionViewController.m in Sources */,
				CE0E301522966DE900E39428 /* GDViewControllerAction.m in Sources */,
				243D9B86239F8CAF003A900D /* GDNormalView.m in Sources */,
				248237682292F23500B9DF7B /* GDUIViewAction.m in Sources */,
				243A11ED22B46CE900429B09 /* GDLoadingView.m in Sources */,
				CEAA13CA2320A310005D1800 /* GDTabBarController.m in Sources */,
				24C9F172238A79DD00334431 /* GDAnimationVC.m in Sources */,
				249DD25221E1EF92009B8781 /* GDDemoView.m in Sources */,
			);
			runOnlyForDeploymentPostprocessing = 0;
		};
/* End PBXSourcesBuildPhase section */

/* Begin PBXVariantGroup section */
		C532E4171F889834009E38CA /* LaunchScreen.storyboard */ = {
			isa = PBXVariantGroup;
			children = (
				C532E4181F889834009E38CA /* Base */,
			);
			name = LaunchScreen.storyboard;
			sourceTree = "<group>";
		};
/* End PBXVariantGroup section */

/* Begin XCBuildConfiguration section */
		C532E41D1F889834009E38CA /* Debug */ = {
			isa = XCBuildConfiguration;
			buildSettings = {
				ALWAYS_SEARCH_USER_PATHS = NO;
				CLANG_ANALYZER_NONNULL = YES;
				CLANG_ANALYZER_NUMBER_OBJECT_CONVERSION = YES_AGGRESSIVE;
				CLANG_CXX_LANGUAGE_STANDARD = "gnu++14";
				CLANG_CXX_LIBRARY = "libc++";
				CLANG_ENABLE_OBJC_ARC = YES;
				CLANG_WARN_BLOCK_CAPTURE_AUTORELEASING = YES;
				CLANG_WARN_BOOL_CONVERSION = YES;
				CLANG_WARN_COMMA = YES;
				CLANG_WARN_CONSTANT_CONVERSION = YES;
				CLANG_WARN_DEPRECATED_OBJC_IMPLEMENTATIONS = YES;
				CLANG_WARN_DIRECT_OBJC_ISA_USAGE = YES_ERROR;
				CLANG_WARN_DOCUMENTATION_COMMENTS = YES;
				CLANG_WARN_EMPTY_BODY = YES;
				CLANG_WARN_ENUM_CONVERSION = YES;
				CLANG_WARN_INFINITE_RECURSION = YES;
				CLANG_WARN_INT_CONVERSION = YES;
				CLANG_WARN_NON_LITERAL_NULL_CONVERSION = YES;
				CLANG_WARN_OBJC_IMPLICIT_RETAIN_SELF = YES;
				CLANG_WARN_OBJC_LITERAL_CONVERSION = YES;
				CLANG_WARN_OBJC_ROOT_CLASS = YES_ERROR;
				CLANG_WARN_RANGE_LOOP_ANALYSIS = YES;
				CLANG_WARN_STRICT_PROTOTYPES = YES;
				CLANG_WARN_SUSPICIOUS_MOVE = YES;
				CLANG_WARN_UNGUARDED_AVAILABILITY = YES_AGGRESSIVE;
				CLANG_WARN_UNREACHABLE_CODE = YES;
				CLANG_WARN__DUPLICATE_METHOD_MATCH = YES;
				CODE_SIGN_IDENTITY = "iPhone Developer";
				COPY_PHASE_STRIP = NO;
				DEBUG_INFORMATION_FORMAT = dwarf;
				ENABLE_BITCODE = NO;
				ENABLE_STRICT_OBJC_MSGSEND = YES;
				ENABLE_TESTABILITY = YES;
				GCC_C_LANGUAGE_STANDARD = gnu11;
				GCC_DYNAMIC_NO_PIC = NO;
				GCC_NO_COMMON_BLOCKS = YES;
				GCC_OPTIMIZATION_LEVEL = 0;
				GCC_PREPROCESSOR_DEFINITIONS = (
					"DEBUG=1",
					"$(inherited)",
				);
				GCC_WARN_64_TO_32_BIT_CONVERSION = YES;
				GCC_WARN_ABOUT_RETURN_TYPE = YES_ERROR;
				GCC_WARN_UNDECLARED_SELECTOR = YES;
				GCC_WARN_UNINITIALIZED_AUTOS = YES_AGGRESSIVE;
				GCC_WARN_UNUSED_FUNCTION = YES;
				GCC_WARN_UNUSED_VARIABLE = YES;
				IPHONEOS_DEPLOYMENT_TARGET = 9.0;
				MTL_ENABLE_DEBUG_INFO = YES;
				ONLY_ACTIVE_ARCH = YES;
				OTHER_CFLAGS = "";
				SDKROOT = iphoneos;
			};
			name = Debug;
		};
		C532E41E1F889834009E38CA /* Release */ = {
			isa = XCBuildConfiguration;
			buildSettings = {
				ALWAYS_SEARCH_USER_PATHS = NO;
				CLANG_ANALYZER_NONNULL = YES;
				CLANG_ANALYZER_NUMBER_OBJECT_CONVERSION = YES_AGGRESSIVE;
				CLANG_CXX_LANGUAGE_STANDARD = "gnu++14";
				CLANG_CXX_LIBRARY = "libc++";
				CLANG_ENABLE_OBJC_ARC = YES;
				CLANG_WARN_BLOCK_CAPTURE_AUTORELEASING = YES;
				CLANG_WARN_BOOL_CONVERSION = YES;
				CLANG_WARN_COMMA = YES;
				CLANG_WARN_CONSTANT_CONVERSION = YES;
				CLANG_WARN_DEPRECATED_OBJC_IMPLEMENTATIONS = YES;
				CLANG_WARN_DIRECT_OBJC_ISA_USAGE = YES_ERROR;
				CLANG_WARN_DOCUMENTATION_COMMENTS = YES;
				CLANG_WARN_EMPTY_BODY = YES;
				CLANG_WARN_ENUM_CONVERSION = YES;
				CLANG_WARN_INFINITE_RECURSION = YES;
				CLANG_WARN_INT_CONVERSION = YES;
				CLANG_WARN_NON_LITERAL_NULL_CONVERSION = YES;
				CLANG_WARN_OBJC_IMPLICIT_RETAIN_SELF = YES;
				CLANG_WARN_OBJC_LITERAL_CONVERSION = YES;
				CLANG_WARN_OBJC_ROOT_CLASS = YES_ERROR;
				CLANG_WARN_RANGE_LOOP_ANALYSIS = YES;
				CLANG_WARN_STRICT_PROTOTYPES = YES;
				CLANG_WARN_SUSPICIOUS_MOVE = YES;
				CLANG_WARN_UNGUARDED_AVAILABILITY = YES_AGGRESSIVE;
				CLANG_WARN_UNREACHABLE_CODE = YES;
				CLANG_WARN__DUPLICATE_METHOD_MATCH = YES;
				CODE_SIGN_IDENTITY = "iPhone Developer";
				COPY_PHASE_STRIP = NO;
				DEBUG_INFORMATION_FORMAT = "dwarf-with-dsym";
				ENABLE_BITCODE = NO;
				ENABLE_NS_ASSERTIONS = NO;
				ENABLE_STRICT_OBJC_MSGSEND = YES;
				GCC_C_LANGUAGE_STANDARD = gnu11;
				GCC_NO_COMMON_BLOCKS = YES;
				GCC_WARN_64_TO_32_BIT_CONVERSION = YES;
				GCC_WARN_ABOUT_RETURN_TYPE = YES_ERROR;
				GCC_WARN_UNDECLARED_SELECTOR = YES;
				GCC_WARN_UNINITIALIZED_AUTOS = YES_AGGRESSIVE;
				GCC_WARN_UNUSED_FUNCTION = YES;
				GCC_WARN_UNUSED_VARIABLE = YES;
				IPHONEOS_DEPLOYMENT_TARGET = 9.0;
				MTL_ENABLE_DEBUG_INFO = NO;
				OTHER_CFLAGS = "";
				SDKROOT = iphoneos;
				VALIDATE_PRODUCT = YES;
			};
			name = Release;
		};
		C532E4201F889834009E38CA /* Debug */ = {
			isa = XCBuildConfiguration;
			baseConfigurationReference = 4A930E0F8616DF53E22A0A59 /* Pods-UIKitDemo.debug.xcconfig */;
			buildSettings = {
				ASSETCATALOG_COMPILER_APPICON_NAME = AppIcon;
				CLANG_ENABLE_MODULES = YES;
				CODE_SIGN_ENTITLEMENTS = UIKitDemo.entitlements;
				CODE_SIGN_IDENTITY = "iPhone Developer";
				CODE_SIGN_STYLE = Automatic;
				DEVELOPMENT_TEAM = "";
				ENABLE_BITCODE = NO;
				GCC_PRECOMPILE_PREFIX_HEADER = YES;
				GCC_PREFIX_HEADER = Example/Header.pch;
				GCC_PREPROCESSOR_DEFINITIONS = "$(inherited)";
				INFOPLIST_FILE = Example/Info.plist;
				LD_RUNPATH_SEARCH_PATHS = "$(inherited) @executable_path/Frameworks";
				PRODUCT_BUNDLE_IDENTIFIER = com.neverland.uikitdemo;
				PRODUCT_NAME = "$(TARGET_NAME)";
				PROVISIONING_PROFILE_SPECIFIER = "";
				SWIFT_OBJC_BRIDGING_HEADER = "Example/UIKitDemo-Bridging-Header.h";
				SWIFT_OPTIMIZATION_LEVEL = "-Onone";
				SWIFT_VERSION = 4.2;
				TARGETED_DEVICE_FAMILY = "1,2";
			};
			name = Debug;
		};
		C532E4211F889834009E38CA /* Release */ = {
			isa = XCBuildConfiguration;
			baseConfigurationReference = CF3D4B675A048E20C5C582EC /* Pods-UIKitDemo.release.xcconfig */;
			buildSettings = {
				ASSETCATALOG_COMPILER_APPICON_NAME = AppIcon;
				CLANG_ENABLE_MODULES = YES;
				CODE_SIGN_ENTITLEMENTS = UIKitDemo.entitlements;
				CODE_SIGN_IDENTITY = "iPhone Developer";
				CODE_SIGN_STYLE = Automatic;
				DEVELOPMENT_TEAM = "";
				ENABLE_BITCODE = NO;
				GCC_ENABLE_BUILTIN_FUNCTIONS = NO;
				GCC_PRECOMPILE_PREFIX_HEADER = YES;
				GCC_PREFIX_HEADER = Example/Header.pch;
				INFOPLIST_FILE = Example/Info.plist;
				LD_RUNPATH_SEARCH_PATHS = "$(inherited) @executable_path/Frameworks";
				PRODUCT_BUNDLE_IDENTIFIER = com.neverland.uikitdemo;
				PRODUCT_NAME = "$(TARGET_NAME)";
				PROVISIONING_PROFILE_SPECIFIER = "";
				SWIFT_OBJC_BRIDGING_HEADER = "Example/UIKitDemo-Bridging-Header.h";
				SWIFT_VERSION = 4.2;
				TARGETED_DEVICE_FAMILY = "1,2";
			};
			name = Release;
		};
/* End XCBuildConfiguration section */

/* Begin XCConfigurationList section */
		C532E4041F889834009E38CA /* Build configuration list for PBXProject "UIKitDemo" */ = {
			isa = XCConfigurationList;
			buildConfigurations = (
				C532E41D1F889834009E38CA /* Debug */,
				C532E41E1F889834009E38CA /* Release */,
			);
			defaultConfigurationIsVisible = 0;
			defaultConfigurationName = Release;
		};
		C532E41F1F889834009E38CA /* Build configuration list for PBXNativeTarget "UIKitDemo" */ = {
			isa = XCConfigurationList;
			buildConfigurations = (
				C532E4201F889834009E38CA /* Debug */,
				C532E4211F889834009E38CA /* Release */,
			);
			defaultConfigurationIsVisible = 0;
			defaultConfigurationName = Release;
		};
/* End XCConfigurationList section */
	};
	rootObject = C532E4011F889834009E38CA /* Project object */;
}
